// !$*UTF8*$!
{
	archiveVersion = 1;
	classes = {
	};
	objectVersion = 46;
	objects = {

/* Begin PBXBuildFile section */
		0C563B3EB64422ECACEB729E /* libPods.a in Frameworks */ = {isa = PBXBuildFile; fileRef = 9C26DA6318D1CD2D35E6B025 /* libPods.a */; };
		CE4A21DD1C230BDF0001C592 /* bird.caf in Resources */ = {isa = PBXBuildFile; fileRef = CE4A21DC1C230BDF0001C592 /* bird.caf */; settings = {ASSET_TAGS = (); }; };
		CE4A21E11C230FEF0001C592 /* surface.png in Resources */ = {isa = PBXBuildFile; fileRef = CE4A21E01C230FEF0001C592 /* surface.png */; settings = {ASSET_TAGS = (); }; };
		CE65B6F51C1C178D00E8356B /* favorite@2x.png in Resources */ = {isa = PBXBuildFile; fileRef = CE65B6D71C1C178D00E8356B /* favorite@2x.png */; settings = {ASSET_TAGS = (); }; };
		CE65B6F91C1C178D00E8356B /* message@2x.png in Resources */ = {isa = PBXBuildFile; fileRef = CE65B6DB1C1C178D00E8356B /* message@2x.png */; settings = {ASSET_TAGS = (); }; };
		CE65B7101C1C297B00E8356B /* bg@2x.jpg in Resources */ = {isa = PBXBuildFile; fileRef = CE65B70F1C1C297B00E8356B /* bg@2x.jpg */; settings = {ASSET_TAGS = (); }; };
		CE65B7131C1C342100E8356B /* NSLayoutConstraint+Description.m in Sources */ = {isa = PBXBuildFile; fileRef = CE65B7121C1C342100E8356B /* NSLayoutConstraint+Description.m */; settings = {ASSET_TAGS = (); }; };
		CE66BAC21C1C63A1004D0E68 /* RDPHotCollectionViewCell.m in Sources */ = {isa = PBXBuildFile; fileRef = CE66BAC01C1C63A1004D0E68 /* RDPHotCollectionViewCell.m */; settings = {ASSET_TAGS = (); }; };
		CE66BAC31C1C63A1004D0E68 /* RDPHotCollectionViewCell.xib in Resources */ = {isa = PBXBuildFile; fileRef = CE66BAC11C1C63A1004D0E68 /* RDPHotCollectionViewCell.xib */; settings = {ASSET_TAGS = (); }; };
		CE66BAC91C1C6EBD004D0E68 /* RDPHotView.m in Sources */ = {isa = PBXBuildFile; fileRef = CE66BAC81C1C6EBD004D0E68 /* RDPHotView.m */; settings = {ASSET_TAGS = (); }; };
		CE6B24261C282FF300AB0F6F /* RDPPhotoCollectionViewCell.m in Sources */ = {isa = PBXBuildFile; fileRef = CE6B24241C282FF300AB0F6F /* RDPPhotoCollectionViewCell.m */; settings = {ASSET_TAGS = (); }; };
		CE6B24271C282FF300AB0F6F /* RDPPhotoCollectionViewCell.xib in Resources */ = {isa = PBXBuildFile; fileRef = CE6B24251C282FF300AB0F6F /* RDPPhotoCollectionViewCell.xib */; settings = {ASSET_TAGS = (); }; };
		CE6B24291C28305400AB0F6F /* sunset.jpg in Resources */ = {isa = PBXBuildFile; fileRef = CE6B24281C28305400AB0F6F /* sunset.jpg */; settings = {ASSET_TAGS = (); }; };
		CE6B242D1C28351B00AB0F6F /* RDPPhoto.m in Sources */ = {isa = PBXBuildFile; fileRef = CE6B242C1C28351B00AB0F6F /* RDPPhoto.m */; settings = {ASSET_TAGS = (); }; };
		CE6B242F1C2835EA00AB0F6F /* dog.jpg in Resources */ = {isa = PBXBuildFile; fileRef = CE6B242E1C2835EA00AB0F6F /* dog.jpg */; settings = {ASSET_TAGS = (); }; };
		CE83294C1C18586A004D12C8 /* RaindropTests.m in Sources */ = {isa = PBXBuildFile; fileRef = CE83294B1C18586A004D12C8 /* RaindropTests.m */; };
		CE8329571C18586A004D12C8 /* RaindropUITests.m in Sources */ = {isa = PBXBuildFile; fileRef = CE8329561C18586A004D12C8 /* RaindropUITests.m */; };
		CED1EFA01C37A2A100ACF94C /* RDPLoginManager.m in Sources */ = {isa = PBXBuildFile; fileRef = CED1EF9F1C37A2A100ACF94C /* RDPLoginManager.m */; settings = {ASSET_TAGS = (); }; };
		CEE6D8311C2ACE8E00CD3754 /* Second.storyboard in Resources */ = {isa = PBXBuildFile; fileRef = CEE6D8301C2ACE8E00CD3754 /* Second.storyboard */; settings = {ASSET_TAGS = (); }; };
		CEE6D8371C2AE18000CD3754 /* RDPProfileView.m in Sources */ = {isa = PBXBuildFile; fileRef = CEE6D8361C2AE18000CD3754 /* RDPProfileView.m */; settings = {ASSET_TAGS = (); }; };
		CEE6D84D1C2AEE9C00CD3754 /* RDPProfileInfoTableViewCell.m in Sources */ = {isa = PBXBuildFile; fileRef = CEE6D84B1C2AEE9C00CD3754 /* RDPProfileInfoTableViewCell.m */; settings = {ASSET_TAGS = (); }; };
		CEE6D84E1C2AEE9C00CD3754 /* RDPProfileInfoTableViewCell.xib in Resources */ = {isa = PBXBuildFile; fileRef = CEE6D84C1C2AEE9C00CD3754 /* RDPProfileInfoTableViewCell.xib */; settings = {ASSET_TAGS = (); }; };
		CEE6D8531C2AEEB700CD3754 /* RDPProfileTableViewCell.m in Sources */ = {isa = PBXBuildFile; fileRef = CEE6D8511C2AEEB700CD3754 /* RDPProfileTableViewCell.m */; settings = {ASSET_TAGS = (); }; };
		CEE6D8541C2AEEB700CD3754 /* RDPProfileTableViewCell.xib in Resources */ = {isa = PBXBuildFile; fileRef = CEE6D8521C2AEEB700CD3754 /* RDPProfileTableViewCell.xib */; settings = {ASSET_TAGS = (); }; };
		CEE6D8581C2AEFDD00CD3754 /* RDPSimpleInfoTableViewCell.m in Sources */ = {isa = PBXBuildFile; fileRef = CEE6D8561C2AEFDD00CD3754 /* RDPSimpleInfoTableViewCell.m */; settings = {ASSET_TAGS = (); }; };
		CEE6D8591C2AEFDD00CD3754 /* RDPSimpleInfoTableViewCell.xib in Resources */ = {isa = PBXBuildFile; fileRef = CEE6D8571C2AEFDD00CD3754 /* RDPSimpleInfoTableViewCell.xib */; settings = {ASSET_TAGS = (); }; };
		CEE6DEB61C1E4874008BBC19 /* RDPRecordMotionViewController.m in Sources */ = {isa = PBXBuildFile; fileRef = CEE6DEB51C1E4874008BBC19 /* RDPRecordMotionViewController.m */; settings = {ASSET_TAGS = (); }; };
		CEE718DD1C26D30700EA2C37 /* fire.caf in Resources */ = {isa = PBXBuildFile; fileRef = CEE718DC1C26D22C00EA2C37 /* fire.caf */; };
		CEE71C051C2E740E005A59D9 /* RDPHotModel.m in Sources */ = {isa = PBXBuildFile; fileRef = CEE71C041C2E740E005A59D9 /* RDPHotModel.m */; settings = {ASSET_TAGS = (); }; };
		CEE71C081C2E9D60005A59D9 /* down.png in Resources */ = {isa = PBXBuildFile; fileRef = CEE71C061C2E9D60005A59D9 /* down.png */; settings = {ASSET_TAGS = (); }; };
		CEE71C091C2E9D60005A59D9 /* up.png in Resources */ = {isa = PBXBuildFile; fileRef = CEE71C071C2E9D60005A59D9 /* up.png */; settings = {ASSET_TAGS = (); }; };
		CEE87CAB1C267A6E0007FF1E /* RDPMixAudioPlayer.m in Sources */ = {isa = PBXBuildFile; fileRef = CEE87CAA1C267A6E0007FF1E /* RDPMixAudioPlayer.m */; settings = {ASSET_TAGS = (); }; };
		CEE87CAE1C26808E0007FF1E /* RDPMixAudioMachine.m in Sources */ = {isa = PBXBuildFile; fileRef = CEE87CAD1C26808E0007FF1E /* RDPMixAudioMachine.m */; settings = {ASSET_TAGS = (); }; };
		CEE87CB91C26A0390007FF1E /* RDPMusicTableViewCell.m in Sources */ = {isa = PBXBuildFile; fileRef = CEE87CB71C26A0390007FF1E /* RDPMusicTableViewCell.m */; settings = {ASSET_TAGS = (); }; };
		CEE87CBA1C26A0390007FF1E /* RDPMusicTableViewCell.xib in Resources */ = {isa = PBXBuildFile; fileRef = CEE87CB81C26A0390007FF1E /* RDPMusicTableViewCell.xib */; settings = {ASSET_TAGS = (); }; };
		CEE87CBD1C26A5730007FF1E /* Checked-Active@2x.png in Resources */ = {isa = PBXBuildFile; fileRef = CEE87CBB1C26A5730007FF1E /* Checked-Active@2x.png */; settings = {ASSET_TAGS = (); }; };
		CEE87CBE1C26A5730007FF1E /* Checked-Inactive@2x.png in Resources */ = {isa = PBXBuildFile; fileRef = CEE87CBC1C26A5730007FF1E /* Checked-Inactive@2x.png */; settings = {ASSET_TAGS = (); }; };
		CEE87CC21C26B3490007FF1E /* RDPBgMusic.m in Sources */ = {isa = PBXBuildFile; fileRef = CEE87CC11C26B3490007FF1E /* RDPBgMusic.m */; settings = {ASSET_TAGS = (); }; };
		CEE87CC61C26BD8A0007FF1E /* cell2.png in Resources */ = {isa = PBXBuildFile; fileRef = CEE87CC41C26BD8A0007FF1E /* cell2.png */; settings = {ASSET_TAGS = (); }; };
		CEE87CC81C26C7440007FF1E /* cell1.png in Resources */ = {isa = PBXBuildFile; fileRef = CEE87CC71C26C7440007FF1E /* cell1.png */; settings = {ASSET_TAGS = (); }; };
		CEE88D711C1BDE6E00A4B62D /* AppDelegate.m in Sources */ = {isa = PBXBuildFile; fileRef = CEE88D701C1BDE6E00A4B62D /* AppDelegate.m */; settings = {ASSET_TAGS = (); }; };
		CEE88D741C1BDECE00A4B62D /* Info.plist in Resources */ = {isa = PBXBuildFile; fileRef = CEE88D721C1BDECE00A4B62D /* Info.plist */; settings = {ASSET_TAGS = (); }; };
		CEE88D751C1BDECE00A4B62D /* main.m in Sources */ = {isa = PBXBuildFile; fileRef = CEE88D731C1BDECE00A4B62D /* main.m */; settings = {ASSET_TAGS = (); }; };
		CEE88D801C1BDF9200A4B62D /* ALView+PureLayout.m in Sources */ = {isa = PBXBuildFile; fileRef = CEE88D781C1BDF9200A4B62D /* ALView+PureLayout.m */; settings = {ASSET_TAGS = (); }; };
		CEE88D811C1BDF9200A4B62D /* NSArray+PureLayout.m in Sources */ = {isa = PBXBuildFile; fileRef = CEE88D7A1C1BDF9200A4B62D /* NSArray+PureLayout.m */; settings = {ASSET_TAGS = (); }; };
		CEE88D821C1BDF9200A4B62D /* NSLayoutConstraint+PureLayout.m in Sources */ = {isa = PBXBuildFile; fileRef = CEE88D7C1C1BDF9200A4B62D /* NSLayoutConstraint+PureLayout.m */; settings = {ASSET_TAGS = (); }; };
		CEE88D881C1BE05900A4B62D /* MainViewController.m in Sources */ = {isa = PBXBuildFile; fileRef = CEE88D861C1BE05900A4B62D /* MainViewController.m */; settings = {ASSET_TAGS = (); }; };
		CEE88D8C1C1BE2D800A4B62D /* LaunchScreen.storyboard in Resources */ = {isa = PBXBuildFile; fileRef = CEE88D8A1C1BE2D800A4B62D /* LaunchScreen.storyboard */; settings = {ASSET_TAGS = (); }; };
		CEE88D8D1C1BE2D800A4B62D /* Main.storyboard in Resources */ = {isa = PBXBuildFile; fileRef = CEE88D8B1C1BE2D800A4B62D /* Main.storyboard */; settings = {ASSET_TAGS = (); }; };
		CEE88D951C1BE40D00A4B62D /* Assets.xcassets in Resources */ = {isa = PBXBuildFile; fileRef = CEE88D8E1C1BE40D00A4B62D /* Assets.xcassets */; settings = {ASSET_TAGS = (); }; };
		CEE88D961C1BE40D00A4B62D /* Raindrop.xcdatamodeld in Sources */ = {isa = PBXBuildFile; fileRef = CEE88D901C1BE40D00A4B62D /* Raindrop.xcdatamodeld */; settings = {ASSET_TAGS = (); }; };
		CEE933F71C218FFE000199A5 /* user@2x.png in Resources */ = {isa = PBXBuildFile; fileRef = CEE933F61C218FFE000199A5 /* user@2x.png */; settings = {ASSET_TAGS = (); }; };
		CEE933F91C219790000199A5 /* stop@2x.png in Resources */ = {isa = PBXBuildFile; fileRef = CEE933F81C219790000199A5 /* stop@2x.png */; settings = {ASSET_TAGS = (); }; };
		CEE933FF1C219FA9000199A5 /* libmp3lame.a in Frameworks */ = {isa = PBXBuildFile; fileRef = CEE933FC1C219FA9000199A5 /* libmp3lame.a */; settings = {ASSET_TAGS = (); }; };
		CEE934001C219FA9000199A5 /* Mp3Recorder.m in Sources */ = {isa = PBXBuildFile; fileRef = CEE933FE1C219FA9000199A5 /* Mp3Recorder.m */; settings = {ASSET_TAGS = (); }; };
		CEE934041C21AD6D000199A5 /* UUAVAudioPlayer.m in Sources */ = {isa = PBXBuildFile; fileRef = CEE934031C21AD6D000199A5 /* UUAVAudioPlayer.m */; settings = {ASSET_TAGS = (); }; };
		CEE96B0E1C3773DA0073BF60 /* Login.storyboard in Resources */ = {isa = PBXBuildFile; fileRef = CEE96B0D1C3773DA0073BF60 /* Login.storyboard */; settings = {ASSET_TAGS = (); }; };
		CEE96B121C377E580073BF60 /* RDPLoginViewController.m in Sources */ = {isa = PBXBuildFile; fileRef = CEE96B111C377E580073BF60 /* RDPLoginViewController.m */; settings = {ASSET_TAGS = (); }; };
		CEE96B151C377E700073BF60 /* RDPRegisterViewController.m in Sources */ = {isa = PBXBuildFile; fileRef = CEE96B141C377E700073BF60 /* RDPRegisterViewController.m */; settings = {ASSET_TAGS = (); }; };
		CEE9A3D31C203FBC009D1993 /* RDPRecordCustomizeViewController.m in Sources */ = {isa = PBXBuildFile; fileRef = CEE9A3D21C203FBC009D1993 /* RDPRecordCustomizeViewController.m */; settings = {ASSET_TAGS = (); }; };
		CEE9A3D61C204418009D1993 /* RDPRecordMusicViewController.m in Sources */ = {isa = PBXBuildFile; fileRef = CEE9A3D51C204418009D1993 /* RDPRecordMusicViewController.m */; settings = {ASSET_TAGS = (); }; };
		CEE9A3D91C204442009D1993 /* RDPRecordPhotoViewController.m in Sources */ = {isa = PBXBuildFile; fileRef = CEE9A3D81C204442009D1993 /* RDPRecordPhotoViewController.m */; settings = {ASSET_TAGS = (); }; };
		CEEA1D3E1C1D62B200B74DDB /* surprise@2x.png in Resources */ = {isa = PBXBuildFile; fileRef = CEEA1D391C1D62B200B74DDB /* surprise@2x.png */; settings = {ASSET_TAGS = (); }; };
		CEEA1D3F1C1D62B200B74DDB /* angry@2x.png in Resources */ = {isa = PBXBuildFile; fileRef = CEEA1D3A1C1D62B200B74DDB /* angry@2x.png */; settings = {ASSET_TAGS = (); }; };
		CEEA1D401C1D62B200B74DDB /* laugh@2x.png in Resources */ = {isa = PBXBuildFile; fileRef = CEEA1D3B1C1D62B200B74DDB /* laugh@2x.png */; settings = {ASSET_TAGS = (); }; };
		CEEA1D411C1D62B200B74DDB /* happy@2x.png in Resources */ = {isa = PBXBuildFile; fileRef = CEEA1D3C1C1D62B200B74DDB /* happy@2x.png */; settings = {ASSET_TAGS = (); }; };
		CEEA1D421C1D62B200B74DDB /* sad@2x.png in Resources */ = {isa = PBXBuildFile; fileRef = CEEA1D3D1C1D62B200B74DDB /* sad@2x.png */; settings = {ASSET_TAGS = (); }; };
		CEEA1D481C1D62BD00B74DDB /* Close@2x.png in Resources */ = {isa = PBXBuildFile; fileRef = CEEA1D431C1D62BD00B74DDB /* Close@2x.png */; settings = {ASSET_TAGS = (); }; };
		CEEA1D4A1C1D62BD00B74DDB /* r-Alarm@2x.png in Resources */ = {isa = PBXBuildFile; fileRef = CEEA1D451C1D62BD00B74DDB /* r-Alarm@2x.png */; settings = {ASSET_TAGS = (); }; };
		CEEA1D4B1C1D62BD00B74DDB /* r-Search@2x.png in Resources */ = {isa = PBXBuildFile; fileRef = CEEA1D461C1D62BD00B74DDB /* r-Search@2x.png */; settings = {ASSET_TAGS = (); }; };
		CEEA1D4C1C1D62BD00B74DDB /* r-Settings@2x.png in Resources */ = {isa = PBXBuildFile; fileRef = CEEA1D471C1D62BD00B74DDB /* r-Settings@2x.png */; settings = {ASSET_TAGS = (); }; };
		CEEA1D5F1C1D62D900B74DDB /* Arrow@2x.png in Resources */ = {isa = PBXBuildFile; fileRef = CEEA1D4D1C1D62D900B74DDB /* Arrow@2x.png */; settings = {ASSET_TAGS = (); }; };
		CEEA1D601C1D62D900B74DDB /* chat@2x.png in Resources */ = {isa = PBXBuildFile; fileRef = CEEA1D4E1C1D62D900B74DDB /* chat@2x.png */; settings = {ASSET_TAGS = (); }; };
		CEEA1D611C1D62D900B74DDB /* icon@2x.png in Resources */ = {isa = PBXBuildFile; fileRef = CEEA1D4F1C1D62D900B74DDB /* icon@2x.png */; settings = {ASSET_TAGS = (); }; };
		CEEA1D621C1D62D900B74DDB /* little-songs@2x.png in Resources */ = {isa = PBXBuildFile; fileRef = CEEA1D501C1D62D900B74DDB /* little-songs@2x.png */; settings = {ASSET_TAGS = (); }; };
		CEEA1D631C1D62D900B74DDB /* location@2x.png in Resources */ = {isa = PBXBuildFile; fileRef = CEEA1D511C1D62D900B74DDB /* location@2x.png */; settings = {ASSET_TAGS = (); }; };
		CEEA1D641C1D62D900B74DDB /* mic@2x.png in Resources */ = {isa = PBXBuildFile; fileRef = CEEA1D521C1D62D900B74DDB /* mic@2x.png */; settings = {ASSET_TAGS = (); }; };
		CEEA1D651C1D62D900B74DDB /* more@2x.png in Resources */ = {isa = PBXBuildFile; fileRef = CEEA1D531C1D62D900B74DDB /* more@2x.png */; settings = {ASSET_TAGS = (); }; };
		CEEA1D661C1D62D900B74DDB /* music@2x.png in Resources */ = {isa = PBXBuildFile; fileRef = CEEA1D541C1D62D900B74DDB /* music@2x.png */; settings = {ASSET_TAGS = (); }; };
		CEEA1D671C1D62D900B74DDB /* pause@2x.png in Resources */ = {isa = PBXBuildFile; fileRef = CEEA1D551C1D62D900B74DDB /* pause@2x.png */; settings = {ASSET_TAGS = (); }; };
		CEEA1D681C1D62D900B74DDB /* photos@2x.png in Resources */ = {isa = PBXBuildFile; fileRef = CEEA1D561C1D62D900B74DDB /* photos@2x.png */; settings = {ASSET_TAGS = (); }; };
		CEEA1D691C1D62D900B74DDB /* Play@2x.png in Resources */ = {isa = PBXBuildFile; fileRef = CEEA1D571C1D62D900B74DDB /* Play@2x.png */; settings = {ASSET_TAGS = (); }; };
		CEEA1D6A1C1D62D900B74DDB /* preview@2x.png in Resources */ = {isa = PBXBuildFile; fileRef = CEEA1D581C1D62D900B74DDB /* preview@2x.png */; settings = {ASSET_TAGS = (); }; };
		CEEA1D6B1C1D62D900B74DDB /* refresh@2x.png in Resources */ = {isa = PBXBuildFile; fileRef = CEEA1D591C1D62D900B74DDB /* refresh@2x.png */; settings = {ASSET_TAGS = (); }; };
		CEEA1D6C1C1D62D900B74DDB /* sent@2x.png in Resources */ = {isa = PBXBuildFile; fileRef = CEEA1D5A1C1D62D900B74DDB /* sent@2x.png */; settings = {ASSET_TAGS = (); }; };
		CEEA1D6D1C1D62D900B74DDB /* plus@2x.png in Resources */ = {isa = PBXBuildFile; fileRef = CEEA1D5B1C1D62D900B74DDB /* plus@2x.png */; settings = {ASSET_TAGS = (); }; };
		CEEA1D6E1C1D62D900B74DDB /* songs@2x.png in Resources */ = {isa = PBXBuildFile; fileRef = CEEA1D5C1C1D62D900B74DDB /* songs@2x.png */; settings = {ASSET_TAGS = (); }; };
		CEEA1D6F1C1D62D900B74DDB /* star@2x.png in Resources */ = {isa = PBXBuildFile; fileRef = CEEA1D5D1C1D62D900B74DDB /* star@2x.png */; settings = {ASSET_TAGS = (); }; };
		CEEA1D701C1D62D900B74DDB /* Trans-Play@2x.png in Resources */ = {isa = PBXBuildFile; fileRef = CEEA1D5E1C1D62D900B74DDB /* Trans-Play@2x.png */; settings = {ASSET_TAGS = (); }; };
		CEEA1D771C1D994D00B74DDB /* UIColor+Raindrop.m in Sources */ = {isa = PBXBuildFile; fileRef = CEEA1D761C1D994D00B74DDB /* UIColor+Raindrop.m */; settings = {ASSET_TAGS = (); }; };
		CEEA1D7A1C1DB80B00B74DDB /* Back@2x.png in Resources */ = {isa = PBXBuildFile; fileRef = CEEA1D791C1DB80B00B74DDB /* Back@2x.png */; settings = {ASSET_TAGS = (); }; };
		CEEA1D7C1C1DB9F800B74DDB /* clock@2x.png in Resources */ = {isa = PBXBuildFile; fileRef = CEEA1D7B1C1DB9F800B74DDB /* clock@2x.png */; settings = {ASSET_TAGS = (); }; };
		CEEA93A61C244A0800893203 /* RDPVoiceTestViewController.m in Sources */ = {isa = PBXBuildFile; fileRef = CEEA93A51C244A0800893203 /* RDPVoiceTestViewController.m */; settings = {ASSET_TAGS = (); }; };
		CEEC22301C2C2177008EE300 /* RDPVoiceDetailViewController.m in Sources */ = {isa = PBXBuildFile; fileRef = CEEC222F1C2C2177008EE300 /* RDPVoiceDetailViewController.m */; settings = {ASSET_TAGS = (); }; };
		CEEC22341C2C2AAE008EE300 /* RDPVoiceDetailView.m in Sources */ = {isa = PBXBuildFile; fileRef = CEEC22331C2C2AAE008EE300 /* RDPVoiceDetailView.m */; settings = {ASSET_TAGS = (); }; };
		CEEC22361C2C2ABC008EE300 /* RDPVoiceDetailView.xib in Resources */ = {isa = PBXBuildFile; fileRef = CEEC22351C2C2ABC008EE300 /* RDPVoiceDetailView.xib */; settings = {ASSET_TAGS = (); }; };
		CEECAE5B1C37BDF000039197 /* RDPRegisterManager.m in Sources */ = {isa = PBXBuildFile; fileRef = CEECAE5A1C37BDF000039197 /* RDPRegisterManager.m */; settings = {ASSET_TAGS = (); }; };
		CEECFE871C1EEB49009255EE /* NSDate+Utils.m in Sources */ = {isa = PBXBuildFile; fileRef = CEECFE861C1EEB49009255EE /* NSDate+Utils.m */; settings = {ASSET_TAGS = (); }; };
		CEECFE891C1EF87B009255EE /* next@2x.png in Resources */ = {isa = PBXBuildFile; fileRef = CEECFE881C1EF87B009255EE /* next@2x.png */; settings = {ASSET_TAGS = (); }; };
		CEECFE8C1C1F0490009255EE /* RDPRecordingViewController.m in Sources */ = {isa = PBXBuildFile; fileRef = CEECFE8B1C1F0490009255EE /* RDPRecordingViewController.m */; settings = {ASSET_TAGS = (); }; };
/* End PBXBuildFile section */

/* Begin PBXContainerItemProxy section */
		CE8329481C18586A004D12C8 /* PBXContainerItemProxy */ = {
			isa = PBXContainerItemProxy;
			containerPortal = CE8329231C18586A004D12C8 /* Project object */;
			proxyType = 1;
			remoteGlobalIDString = CE83292A1C18586A004D12C8;
			remoteInfo = Raindrop;
		};
		CE8329531C18586A004D12C8 /* PBXContainerItemProxy */ = {
			isa = PBXContainerItemProxy;
			containerPortal = CE8329231C18586A004D12C8 /* Project object */;
			proxyType = 1;
			remoteGlobalIDString = CE83292A1C18586A004D12C8;
			remoteInfo = Raindrop;
		};
/* End PBXContainerItemProxy section */

/* Begin PBXFileReference section */
		092668A65C8626C9C28DFF81 /* Pods.debug.xcconfig */ = {isa = PBXFileReference; includeInIndex = 1; lastKnownFileType = text.xcconfig; name = Pods.debug.xcconfig; path = "Pods/Target Support Files/Pods/Pods.debug.xcconfig"; sourceTree = "<group>"; };
		1E7905685E6441BD4574FC61 /* Pods.release.xcconfig */ = {isa = PBXFileReference; includeInIndex = 1; lastKnownFileType = text.xcconfig; name = Pods.release.xcconfig; path = "Pods/Target Support Files/Pods/Pods.release.xcconfig"; sourceTree = "<group>"; };
		9C26DA6318D1CD2D35E6B025 /* libPods.a */ = {isa = PBXFileReference; explicitFileType = archive.ar; includeInIndex = 0; path = libPods.a; sourceTree = BUILT_PRODUCTS_DIR; };
		CE4A21DC1C230BDF0001C592 /* bird.caf */ = {isa = PBXFileReference; lastKnownFileType = file; path = bird.caf; sourceTree = "<group>"; };
		CE4A21E01C230FEF0001C592 /* surface.png */ = {isa = PBXFileReference; lastKnownFileType = image.png; path = surface.png; sourceTree = "<group>"; };
		CE65B6D71C1C178D00E8356B /* favorite@2x.png */ = {isa = PBXFileReference; lastKnownFileType = image.png; path = "favorite@2x.png"; sourceTree = "<group>"; };
		CE65B6DB1C1C178D00E8356B /* message@2x.png */ = {isa = PBXFileReference; lastKnownFileType = image.png; path = "message@2x.png"; sourceTree = "<group>"; };
		CE65B70F1C1C297B00E8356B /* bg@2x.jpg */ = {isa = PBXFileReference; lastKnownFileType = image.jpeg; path = "bg@2x.jpg"; sourceTree = "<group>"; };
		CE65B7111C1C342100E8356B /* NSLayoutConstraint+Description.h */ = {isa = PBXFileReference; fileEncoding = 4; lastKnownFileType = sourcecode.c.h; path = "NSLayoutConstraint+Description.h"; sourceTree = "<group>"; };
		CE65B7121C1C342100E8356B /* NSLayoutConstraint+Description.m */ = {isa = PBXFileReference; fileEncoding = 4; lastKnownFileType = sourcecode.c.objc; path = "NSLayoutConstraint+Description.m"; sourceTree = "<group>"; };
		CE66BABF1C1C63A1004D0E68 /* RDPHotCollectionViewCell.h */ = {isa = PBXFileReference; fileEncoding = 4; lastKnownFileType = sourcecode.c.h; path = RDPHotCollectionViewCell.h; sourceTree = "<group>"; };
		CE66BAC01C1C63A1004D0E68 /* RDPHotCollectionViewCell.m */ = {isa = PBXFileReference; fileEncoding = 4; lastKnownFileType = sourcecode.c.objc; path = RDPHotCollectionViewCell.m; sourceTree = "<group>"; };
		CE66BAC11C1C63A1004D0E68 /* RDPHotCollectionViewCell.xib */ = {isa = PBXFileReference; fileEncoding = 4; lastKnownFileType = file.xib; path = RDPHotCollectionViewCell.xib; sourceTree = "<group>"; };
		CE66BAC41C1C692A004D0E68 /* ACMacros.h */ = {isa = PBXFileReference; fileEncoding = 4; lastKnownFileType = sourcecode.c.h; path = ACMacros.h; sourceTree = "<group>"; };
		CE66BAC51C1C692A004D0E68 /* PrefixHeader.pch */ = {isa = PBXFileReference; fileEncoding = 4; lastKnownFileType = sourcecode.c.h; path = PrefixHeader.pch; sourceTree = "<group>"; };
		CE66BAC71C1C6EBD004D0E68 /* RDPHotView.h */ = {isa = PBXFileReference; fileEncoding = 4; lastKnownFileType = sourcecode.c.h; path = RDPHotView.h; sourceTree = "<group>"; };
		CE66BAC81C1C6EBD004D0E68 /* RDPHotView.m */ = {isa = PBXFileReference; fileEncoding = 4; lastKnownFileType = sourcecode.c.objc; path = RDPHotView.m; sourceTree = "<group>"; };
		CE6B24231C282FF300AB0F6F /* RDPPhotoCollectionViewCell.h */ = {isa = PBXFileReference; fileEncoding = 4; lastKnownFileType = sourcecode.c.h; path = RDPPhotoCollectionViewCell.h; sourceTree = "<group>"; };
		CE6B24241C282FF300AB0F6F /* RDPPhotoCollectionViewCell.m */ = {isa = PBXFileReference; fileEncoding = 4; lastKnownFileType = sourcecode.c.objc; path = RDPPhotoCollectionViewCell.m; sourceTree = "<group>"; };
		CE6B24251C282FF300AB0F6F /* RDPPhotoCollectionViewCell.xib */ = {isa = PBXFileReference; fileEncoding = 4; lastKnownFileType = file.xib; path = RDPPhotoCollectionViewCell.xib; sourceTree = "<group>"; };
		CE6B24281C28305400AB0F6F /* sunset.jpg */ = {isa = PBXFileReference; lastKnownFileType = image.jpeg; path = sunset.jpg; sourceTree = "<group>"; };
		CE6B242B1C28351B00AB0F6F /* RDPPhoto.h */ = {isa = PBXFileReference; fileEncoding = 4; lastKnownFileType = sourcecode.c.h; path = RDPPhoto.h; sourceTree = "<group>"; };
		CE6B242C1C28351B00AB0F6F /* RDPPhoto.m */ = {isa = PBXFileReference; fileEncoding = 4; lastKnownFileType = sourcecode.c.objc; path = RDPPhoto.m; sourceTree = "<group>"; };
		CE6B242E1C2835EA00AB0F6F /* dog.jpg */ = {isa = PBXFileReference; lastKnownFileType = image.jpeg; path = dog.jpg; sourceTree = "<group>"; };
		CE83292B1C18586A004D12C8 /* Raindrop.app */ = {isa = PBXFileReference; explicitFileType = wrapper.application; includeInIndex = 0; path = Raindrop.app; sourceTree = BUILT_PRODUCTS_DIR; };
		CE8329471C18586A004D12C8 /* RaindropTests.xctest */ = {isa = PBXFileReference; explicitFileType = wrapper.cfbundle; includeInIndex = 0; path = RaindropTests.xctest; sourceTree = BUILT_PRODUCTS_DIR; };
		CE83294B1C18586A004D12C8 /* RaindropTests.m */ = {isa = PBXFileReference; lastKnownFileType = sourcecode.c.objc; path = RaindropTests.m; sourceTree = "<group>"; };
		CE83294D1C18586A004D12C8 /* Info.plist */ = {isa = PBXFileReference; lastKnownFileType = text.plist.xml; path = Info.plist; sourceTree = "<group>"; };
		CE8329521C18586A004D12C8 /* RaindropUITests.xctest */ = {isa = PBXFileReference; explicitFileType = wrapper.cfbundle; includeInIndex = 0; path = RaindropUITests.xctest; sourceTree = BUILT_PRODUCTS_DIR; };
		CE8329561C18586A004D12C8 /* RaindropUITests.m */ = {isa = PBXFileReference; lastKnownFileType = sourcecode.c.objc; path = RaindropUITests.m; sourceTree = "<group>"; };
		CE8329581C18586A004D12C8 /* Info.plist */ = {isa = PBXFileReference; lastKnownFileType = text.plist.xml; path = Info.plist; sourceTree = "<group>"; };
		CED1EF9E1C37A2A100ACF94C /* RDPLoginManager.h */ = {isa = PBXFileReference; fileEncoding = 4; lastKnownFileType = sourcecode.c.h; path = RDPLoginManager.h; sourceTree = "<group>"; };
		CED1EF9F1C37A2A100ACF94C /* RDPLoginManager.m */ = {isa = PBXFileReference; fileEncoding = 4; lastKnownFileType = sourcecode.c.objc; path = RDPLoginManager.m; sourceTree = "<group>"; };
		CEE6D8301C2ACE8E00CD3754 /* Second.storyboard */ = {isa = PBXFileReference; fileEncoding = 4; lastKnownFileType = file.storyboard; path = Second.storyboard; sourceTree = "<group>"; };
		CEE6D8351C2AE18000CD3754 /* RDPProfileView.h */ = {isa = PBXFileReference; fileEncoding = 4; lastKnownFileType = sourcecode.c.h; path = RDPProfileView.h; sourceTree = "<group>"; };
		CEE6D8361C2AE18000CD3754 /* RDPProfileView.m */ = {isa = PBXFileReference; fileEncoding = 4; lastKnownFileType = sourcecode.c.objc; path = RDPProfileView.m; sourceTree = "<group>"; };
		CEE6D84A1C2AEE9C00CD3754 /* RDPProfileInfoTableViewCell.h */ = {isa = PBXFileReference; fileEncoding = 4; lastKnownFileType = sourcecode.c.h; path = RDPProfileInfoTableViewCell.h; sourceTree = "<group>"; };
		CEE6D84B1C2AEE9C00CD3754 /* RDPProfileInfoTableViewCell.m */ = {isa = PBXFileReference; fileEncoding = 4; lastKnownFileType = sourcecode.c.objc; path = RDPProfileInfoTableViewCell.m; sourceTree = "<group>"; };
		CEE6D84C1C2AEE9C00CD3754 /* RDPProfileInfoTableViewCell.xib */ = {isa = PBXFileReference; fileEncoding = 4; lastKnownFileType = file.xib; path = RDPProfileInfoTableViewCell.xib; sourceTree = "<group>"; };
		CEE6D8501C2AEEB700CD3754 /* RDPProfileTableViewCell.h */ = {isa = PBXFileReference; fileEncoding = 4; lastKnownFileType = sourcecode.c.h; path = RDPProfileTableViewCell.h; sourceTree = "<group>"; };
		CEE6D8511C2AEEB700CD3754 /* RDPProfileTableViewCell.m */ = {isa = PBXFileReference; fileEncoding = 4; lastKnownFileType = sourcecode.c.objc; path = RDPProfileTableViewCell.m; sourceTree = "<group>"; };
		CEE6D8521C2AEEB700CD3754 /* RDPProfileTableViewCell.xib */ = {isa = PBXFileReference; fileEncoding = 4; lastKnownFileType = file.xib; path = RDPProfileTableViewCell.xib; sourceTree = "<group>"; };
		CEE6D8551C2AEFDD00CD3754 /* RDPSimpleInfoTableViewCell.h */ = {isa = PBXFileReference; fileEncoding = 4; lastKnownFileType = sourcecode.c.h; path = RDPSimpleInfoTableViewCell.h; sourceTree = "<group>"; };
		CEE6D8561C2AEFDD00CD3754 /* RDPSimpleInfoTableViewCell.m */ = {isa = PBXFileReference; fileEncoding = 4; lastKnownFileType = sourcecode.c.objc; path = RDPSimpleInfoTableViewCell.m; sourceTree = "<group>"; };
		CEE6D8571C2AEFDD00CD3754 /* RDPSimpleInfoTableViewCell.xib */ = {isa = PBXFileReference; fileEncoding = 4; lastKnownFileType = file.xib; path = RDPSimpleInfoTableViewCell.xib; sourceTree = "<group>"; };
		CEE6DEB41C1E4874008BBC19 /* RDPRecordMotionViewController.h */ = {isa = PBXFileReference; fileEncoding = 4; lastKnownFileType = sourcecode.c.h; path = RDPRecordMotionViewController.h; sourceTree = "<group>"; };
		CEE6DEB51C1E4874008BBC19 /* RDPRecordMotionViewController.m */ = {isa = PBXFileReference; fileEncoding = 4; lastKnownFileType = sourcecode.c.objc; path = RDPRecordMotionViewController.m; sourceTree = "<group>"; };
		CEE718DC1C26D22C00EA2C37 /* fire.caf */ = {isa = PBXFileReference; lastKnownFileType = file; path = fire.caf; sourceTree = "<group>"; };
		CEE71C031C2E740E005A59D9 /* RDPHotModel.h */ = {isa = PBXFileReference; fileEncoding = 4; lastKnownFileType = sourcecode.c.h; path = RDPHotModel.h; sourceTree = "<group>"; };
		CEE71C041C2E740E005A59D9 /* RDPHotModel.m */ = {isa = PBXFileReference; fileEncoding = 4; lastKnownFileType = sourcecode.c.objc; path = RDPHotModel.m; sourceTree = "<group>"; };
		CEE71C061C2E9D60005A59D9 /* down.png */ = {isa = PBXFileReference; lastKnownFileType = image.png; path = down.png; sourceTree = "<group>"; };
		CEE71C071C2E9D60005A59D9 /* up.png */ = {isa = PBXFileReference; lastKnownFileType = image.png; path = up.png; sourceTree = "<group>"; };
		CEE87CA91C267A6E0007FF1E /* RDPMixAudioPlayer.h */ = {isa = PBXFileReference; fileEncoding = 4; lastKnownFileType = sourcecode.c.h; path = RDPMixAudioPlayer.h; sourceTree = "<group>"; };
		CEE87CAA1C267A6E0007FF1E /* RDPMixAudioPlayer.m */ = {isa = PBXFileReference; fileEncoding = 4; lastKnownFileType = sourcecode.c.objc; path = RDPMixAudioPlayer.m; sourceTree = "<group>"; };
		CEE87CAC1C26808E0007FF1E /* RDPMixAudioMachine.h */ = {isa = PBXFileReference; fileEncoding = 4; lastKnownFileType = sourcecode.c.h; path = RDPMixAudioMachine.h; sourceTree = "<group>"; };
		CEE87CAD1C26808E0007FF1E /* RDPMixAudioMachine.m */ = {isa = PBXFileReference; fileEncoding = 4; lastKnownFileType = sourcecode.c.objc; path = RDPMixAudioMachine.m; sourceTree = "<group>"; };
		CEE87CB61C26A0390007FF1E /* RDPMusicTableViewCell.h */ = {isa = PBXFileReference; fileEncoding = 4; lastKnownFileType = sourcecode.c.h; path = RDPMusicTableViewCell.h; sourceTree = "<group>"; };
		CEE87CB71C26A0390007FF1E /* RDPMusicTableViewCell.m */ = {isa = PBXFileReference; fileEncoding = 4; lastKnownFileType = sourcecode.c.objc; path = RDPMusicTableViewCell.m; sourceTree = "<group>"; };
		CEE87CB81C26A0390007FF1E /* RDPMusicTableViewCell.xib */ = {isa = PBXFileReference; fileEncoding = 4; lastKnownFileType = file.xib; path = RDPMusicTableViewCell.xib; sourceTree = "<group>"; };
		CEE87CBB1C26A5730007FF1E /* Checked-Active@2x.png */ = {isa = PBXFileReference; lastKnownFileType = image.png; path = "Checked-Active@2x.png"; sourceTree = "<group>"; };
		CEE87CBC1C26A5730007FF1E /* Checked-Inactive@2x.png */ = {isa = PBXFileReference; lastKnownFileType = image.png; path = "Checked-Inactive@2x.png"; sourceTree = "<group>"; };
		CEE87CC01C26B3490007FF1E /* RDPBgMusic.h */ = {isa = PBXFileReference; fileEncoding = 4; lastKnownFileType = sourcecode.c.h; path = RDPBgMusic.h; sourceTree = "<group>"; };
		CEE87CC11C26B3490007FF1E /* RDPBgMusic.m */ = {isa = PBXFileReference; fileEncoding = 4; lastKnownFileType = sourcecode.c.objc; path = RDPBgMusic.m; sourceTree = "<group>"; };
		CEE87CC41C26BD8A0007FF1E /* cell2.png */ = {isa = PBXFileReference; lastKnownFileType = image.png; path = cell2.png; sourceTree = "<group>"; };
		CEE87CC71C26C7440007FF1E /* cell1.png */ = {isa = PBXFileReference; lastKnownFileType = image.png; path = cell1.png; sourceTree = "<group>"; };
		CEE88D6F1C1BDE6E00A4B62D /* AppDelegate.h */ = {isa = PBXFileReference; fileEncoding = 4; lastKnownFileType = sourcecode.c.h; path = AppDelegate.h; sourceTree = "<group>"; };
		CEE88D701C1BDE6E00A4B62D /* AppDelegate.m */ = {isa = PBXFileReference; fileEncoding = 4; lastKnownFileType = sourcecode.c.objc; path = AppDelegate.m; sourceTree = "<group>"; };
		CEE88D721C1BDECE00A4B62D /* Info.plist */ = {isa = PBXFileReference; fileEncoding = 4; lastKnownFileType = text.plist.xml; path = Info.plist; sourceTree = "<group>"; };
		CEE88D731C1BDECE00A4B62D /* main.m */ = {isa = PBXFileReference; fileEncoding = 4; lastKnownFileType = sourcecode.c.objc; path = main.m; sourceTree = "<group>"; };
		CEE88D771C1BDF9200A4B62D /* ALView+PureLayout.h */ = {isa = PBXFileReference; fileEncoding = 4; lastKnownFileType = sourcecode.c.h; path = "ALView+PureLayout.h"; sourceTree = "<group>"; };
		CEE88D781C1BDF9200A4B62D /* ALView+PureLayout.m */ = {isa = PBXFileReference; fileEncoding = 4; lastKnownFileType = sourcecode.c.objc; path = "ALView+PureLayout.m"; sourceTree = "<group>"; };
		CEE88D791C1BDF9200A4B62D /* NSArray+PureLayout.h */ = {isa = PBXFileReference; fileEncoding = 4; lastKnownFileType = sourcecode.c.h; path = "NSArray+PureLayout.h"; sourceTree = "<group>"; };
		CEE88D7A1C1BDF9200A4B62D /* NSArray+PureLayout.m */ = {isa = PBXFileReference; fileEncoding = 4; lastKnownFileType = sourcecode.c.objc; path = "NSArray+PureLayout.m"; sourceTree = "<group>"; };
		CEE88D7B1C1BDF9200A4B62D /* NSLayoutConstraint+PureLayout.h */ = {isa = PBXFileReference; fileEncoding = 4; lastKnownFileType = sourcecode.c.h; path = "NSLayoutConstraint+PureLayout.h"; sourceTree = "<group>"; };
		CEE88D7C1C1BDF9200A4B62D /* NSLayoutConstraint+PureLayout.m */ = {isa = PBXFileReference; fileEncoding = 4; lastKnownFileType = sourcecode.c.objc; path = "NSLayoutConstraint+PureLayout.m"; sourceTree = "<group>"; };
		CEE88D7D1C1BDF9200A4B62D /* PureLayout+Internal.h */ = {isa = PBXFileReference; fileEncoding = 4; lastKnownFileType = sourcecode.c.h; path = "PureLayout+Internal.h"; sourceTree = "<group>"; };
		CEE88D7E1C1BDF9200A4B62D /* PureLayout.h */ = {isa = PBXFileReference; fileEncoding = 4; lastKnownFileType = sourcecode.c.h; path = PureLayout.h; sourceTree = "<group>"; };
		CEE88D7F1C1BDF9200A4B62D /* PureLayoutDefines.h */ = {isa = PBXFileReference; fileEncoding = 4; lastKnownFileType = sourcecode.c.h; path = PureLayoutDefines.h; sourceTree = "<group>"; };
		CEE88D851C1BE05900A4B62D /* MainViewController.h */ = {isa = PBXFileReference; fileEncoding = 4; lastKnownFileType = sourcecode.c.h; path = MainViewController.h; sourceTree = "<group>"; };
		CEE88D861C1BE05900A4B62D /* MainViewController.m */ = {isa = PBXFileReference; fileEncoding = 4; lastKnownFileType = sourcecode.c.objc; path = MainViewController.m; sourceTree = "<group>"; };
		CEE88D8A1C1BE2D800A4B62D /* LaunchScreen.storyboard */ = {isa = PBXFileReference; fileEncoding = 4; lastKnownFileType = file.storyboard; path = LaunchScreen.storyboard; sourceTree = "<group>"; };
		CEE88D8B1C1BE2D800A4B62D /* Main.storyboard */ = {isa = PBXFileReference; fileEncoding = 4; lastKnownFileType = file.storyboard; path = Main.storyboard; sourceTree = "<group>"; };
		CEE88D8E1C1BE40D00A4B62D /* Assets.xcassets */ = {isa = PBXFileReference; lastKnownFileType = folder.assetcatalog; path = Assets.xcassets; sourceTree = "<group>"; };
		CEE88D911C1BE40D00A4B62D /* Raindrop.xcdatamodel */ = {isa = PBXFileReference; lastKnownFileType = wrapper.xcdatamodel; path = Raindrop.xcdatamodel; sourceTree = "<group>"; };
		CEE933F61C218FFE000199A5 /* user@2x.png */ = {isa = PBXFileReference; lastKnownFileType = image.png; path = "user@2x.png"; sourceTree = "<group>"; };
		CEE933F81C219790000199A5 /* stop@2x.png */ = {isa = PBXFileReference; lastKnownFileType = image.png; path = "stop@2x.png"; sourceTree = "<group>"; };
		CEE933FB1C219FA9000199A5 /* lame.h */ = {isa = PBXFileReference; fileEncoding = 4; lastKnownFileType = sourcecode.c.h; path = lame.h; sourceTree = "<group>"; };
		CEE933FC1C219FA9000199A5 /* libmp3lame.a */ = {isa = PBXFileReference; lastKnownFileType = archive.ar; path = libmp3lame.a; sourceTree = "<group>"; };
		CEE933FD1C219FA9000199A5 /* Mp3Recorder.h */ = {isa = PBXFileReference; fileEncoding = 4; lastKnownFileType = sourcecode.c.h; path = Mp3Recorder.h; sourceTree = "<group>"; };
		CEE933FE1C219FA9000199A5 /* Mp3Recorder.m */ = {isa = PBXFileReference; fileEncoding = 4; lastKnownFileType = sourcecode.c.objc; path = Mp3Recorder.m; sourceTree = "<group>"; };
		CEE934021C21AD6D000199A5 /* UUAVAudioPlayer.h */ = {isa = PBXFileReference; fileEncoding = 4; lastKnownFileType = sourcecode.c.h; path = UUAVAudioPlayer.h; sourceTree = "<group>"; };
		CEE934031C21AD6D000199A5 /* UUAVAudioPlayer.m */ = {isa = PBXFileReference; fileEncoding = 4; lastKnownFileType = sourcecode.c.objc; path = UUAVAudioPlayer.m; sourceTree = "<group>"; };
		CEE96B0D1C3773DA0073BF60 /* Login.storyboard */ = {isa = PBXFileReference; fileEncoding = 4; lastKnownFileType = file.storyboard; path = Login.storyboard; sourceTree = "<group>"; };
		CEE96B101C377E580073BF60 /* RDPLoginViewController.h */ = {isa = PBXFileReference; fileEncoding = 4; lastKnownFileType = sourcecode.c.h; path = RDPLoginViewController.h; sourceTree = "<group>"; };
		CEE96B111C377E580073BF60 /* RDPLoginViewController.m */ = {isa = PBXFileReference; fileEncoding = 4; lastKnownFileType = sourcecode.c.objc; path = RDPLoginViewController.m; sourceTree = "<group>"; };
		CEE96B131C377E700073BF60 /* RDPRegisterViewController.h */ = {isa = PBXFileReference; fileEncoding = 4; lastKnownFileType = sourcecode.c.h; path = RDPRegisterViewController.h; sourceTree = "<group>"; };
		CEE96B141C377E700073BF60 /* RDPRegisterViewController.m */ = {isa = PBXFileReference; fileEncoding = 4; lastKnownFileType = sourcecode.c.objc; path = RDPRegisterViewController.m; sourceTree = "<group>"; };
		CEE9A3D11C203FBC009D1993 /* RDPRecordCustomizeViewController.h */ = {isa = PBXFileReference; fileEncoding = 4; lastKnownFileType = sourcecode.c.h; path = RDPRecordCustomizeViewController.h; sourceTree = "<group>"; };
		CEE9A3D21C203FBC009D1993 /* RDPRecordCustomizeViewController.m */ = {isa = PBXFileReference; fileEncoding = 4; lastKnownFileType = sourcecode.c.objc; path = RDPRecordCustomizeViewController.m; sourceTree = "<group>"; };
		CEE9A3D41C204418009D1993 /* RDPRecordMusicViewController.h */ = {isa = PBXFileReference; fileEncoding = 4; lastKnownFileType = sourcecode.c.h; path = RDPRecordMusicViewController.h; sourceTree = "<group>"; };
		CEE9A3D51C204418009D1993 /* RDPRecordMusicViewController.m */ = {isa = PBXFileReference; fileEncoding = 4; lastKnownFileType = sourcecode.c.objc; path = RDPRecordMusicViewController.m; sourceTree = "<group>"; };
		CEE9A3D71C204442009D1993 /* RDPRecordPhotoViewController.h */ = {isa = PBXFileReference; fileEncoding = 4; lastKnownFileType = sourcecode.c.h; path = RDPRecordPhotoViewController.h; sourceTree = "<group>"; };
		CEE9A3D81C204442009D1993 /* RDPRecordPhotoViewController.m */ = {isa = PBXFileReference; fileEncoding = 4; lastKnownFileType = sourcecode.c.objc; path = RDPRecordPhotoViewController.m; sourceTree = "<group>"; };
		CEEA1D391C1D62B200B74DDB /* surprise@2x.png */ = {isa = PBXFileReference; lastKnownFileType = image.png; path = "surprise@2x.png"; sourceTree = "<group>"; };
		CEEA1D3A1C1D62B200B74DDB /* angry@2x.png */ = {isa = PBXFileReference; lastKnownFileType = image.png; path = "angry@2x.png"; sourceTree = "<group>"; };
		CEEA1D3B1C1D62B200B74DDB /* laugh@2x.png */ = {isa = PBXFileReference; lastKnownFileType = image.png; path = "laugh@2x.png"; sourceTree = "<group>"; };
		CEEA1D3C1C1D62B200B74DDB /* happy@2x.png */ = {isa = PBXFileReference; lastKnownFileType = image.png; path = "happy@2x.png"; sourceTree = "<group>"; };
		CEEA1D3D1C1D62B200B74DDB /* sad@2x.png */ = {isa = PBXFileReference; lastKnownFileType = image.png; path = "sad@2x.png"; sourceTree = "<group>"; };
		CEEA1D431C1D62BD00B74DDB /* Close@2x.png */ = {isa = PBXFileReference; lastKnownFileType = image.png; path = "Close@2x.png"; sourceTree = "<group>"; };
		CEEA1D451C1D62BD00B74DDB /* r-Alarm@2x.png */ = {isa = PBXFileReference; lastKnownFileType = image.png; path = "r-Alarm@2x.png"; sourceTree = "<group>"; };
		CEEA1D461C1D62BD00B74DDB /* r-Search@2x.png */ = {isa = PBXFileReference; lastKnownFileType = image.png; path = "r-Search@2x.png"; sourceTree = "<group>"; };
		CEEA1D471C1D62BD00B74DDB /* r-Settings@2x.png */ = {isa = PBXFileReference; lastKnownFileType = image.png; path = "r-Settings@2x.png"; sourceTree = "<group>"; };
		CEEA1D4D1C1D62D900B74DDB /* Arrow@2x.png */ = {isa = PBXFileReference; lastKnownFileType = image.png; path = "Arrow@2x.png"; sourceTree = "<group>"; };
		CEEA1D4E1C1D62D900B74DDB /* chat@2x.png */ = {isa = PBXFileReference; lastKnownFileType = image.png; path = "chat@2x.png"; sourceTree = "<group>"; };
		CEEA1D4F1C1D62D900B74DDB /* icon@2x.png */ = {isa = PBXFileReference; lastKnownFileType = image.png; path = "icon@2x.png"; sourceTree = "<group>"; };
		CEEA1D501C1D62D900B74DDB /* little-songs@2x.png */ = {isa = PBXFileReference; lastKnownFileType = image.png; path = "little-songs@2x.png"; sourceTree = "<group>"; };
		CEEA1D511C1D62D900B74DDB /* location@2x.png */ = {isa = PBXFileReference; lastKnownFileType = image.png; path = "location@2x.png"; sourceTree = "<group>"; };
		CEEA1D521C1D62D900B74DDB /* mic@2x.png */ = {isa = PBXFileReference; lastKnownFileType = image.png; path = "mic@2x.png"; sourceTree = "<group>"; };
		CEEA1D531C1D62D900B74DDB /* more@2x.png */ = {isa = PBXFileReference; lastKnownFileType = image.png; path = "more@2x.png"; sourceTree = "<group>"; };
		CEEA1D541C1D62D900B74DDB /* music@2x.png */ = {isa = PBXFileReference; lastKnownFileType = image.png; path = "music@2x.png"; sourceTree = "<group>"; };
		CEEA1D551C1D62D900B74DDB /* pause@2x.png */ = {isa = PBXFileReference; lastKnownFileType = image.png; path = "pause@2x.png"; sourceTree = "<group>"; };
		CEEA1D561C1D62D900B74DDB /* photos@2x.png */ = {isa = PBXFileReference; lastKnownFileType = image.png; path = "photos@2x.png"; sourceTree = "<group>"; };
		CEEA1D571C1D62D900B74DDB /* Play@2x.png */ = {isa = PBXFileReference; lastKnownFileType = image.png; path = "Play@2x.png"; sourceTree = "<group>"; };
		CEEA1D581C1D62D900B74DDB /* preview@2x.png */ = {isa = PBXFileReference; lastKnownFileType = image.png; path = "preview@2x.png"; sourceTree = "<group>"; };
		CEEA1D591C1D62D900B74DDB /* refresh@2x.png */ = {isa = PBXFileReference; lastKnownFileType = image.png; path = "refresh@2x.png"; sourceTree = "<group>"; };
		CEEA1D5A1C1D62D900B74DDB /* sent@2x.png */ = {isa = PBXFileReference; lastKnownFileType = image.png; path = "sent@2x.png"; sourceTree = "<group>"; };
		CEEA1D5B1C1D62D900B74DDB /* plus@2x.png */ = {isa = PBXFileReference; lastKnownFileType = image.png; path = "plus@2x.png"; sourceTree = "<group>"; };
		CEEA1D5C1C1D62D900B74DDB /* songs@2x.png */ = {isa = PBXFileReference; lastKnownFileType = image.png; path = "songs@2x.png"; sourceTree = "<group>"; };
		CEEA1D5D1C1D62D900B74DDB /* star@2x.png */ = {isa = PBXFileReference; lastKnownFileType = image.png; path = "star@2x.png"; sourceTree = "<group>"; };
		CEEA1D5E1C1D62D900B74DDB /* Trans-Play@2x.png */ = {isa = PBXFileReference; lastKnownFileType = image.png; path = "Trans-Play@2x.png"; sourceTree = "<group>"; };
		CEEA1D751C1D994D00B74DDB /* UIColor+Raindrop.h */ = {isa = PBXFileReference; fileEncoding = 4; lastKnownFileType = sourcecode.c.h; path = "UIColor+Raindrop.h"; sourceTree = "<group>"; };
		CEEA1D761C1D994D00B74DDB /* UIColor+Raindrop.m */ = {isa = PBXFileReference; fileEncoding = 4; lastKnownFileType = sourcecode.c.objc; path = "UIColor+Raindrop.m"; sourceTree = "<group>"; };
		CEEA1D791C1DB80B00B74DDB /* Back@2x.png */ = {isa = PBXFileReference; lastKnownFileType = image.png; path = "Back@2x.png"; sourceTree = "<group>"; };
		CEEA1D7B1C1DB9F800B74DDB /* clock@2x.png */ = {isa = PBXFileReference; lastKnownFileType = image.png; path = "clock@2x.png"; sourceTree = "<group>"; };
		CEEA93A41C244A0800893203 /* RDPVoiceTestViewController.h */ = {isa = PBXFileReference; fileEncoding = 4; lastKnownFileType = sourcecode.c.h; path = RDPVoiceTestViewController.h; sourceTree = "<group>"; };
		CEEA93A51C244A0800893203 /* RDPVoiceTestViewController.m */ = {isa = PBXFileReference; fileEncoding = 4; lastKnownFileType = sourcecode.c.objc; path = RDPVoiceTestViewController.m; sourceTree = "<group>"; };
		CEEC222E1C2C2177008EE300 /* RDPVoiceDetailViewController.h */ = {isa = PBXFileReference; fileEncoding = 4; lastKnownFileType = sourcecode.c.h; path = RDPVoiceDetailViewController.h; sourceTree = "<group>"; };
		CEEC222F1C2C2177008EE300 /* RDPVoiceDetailViewController.m */ = {isa = PBXFileReference; fileEncoding = 4; lastKnownFileType = sourcecode.c.objc; path = RDPVoiceDetailViewController.m; sourceTree = "<group>"; };
		CEEC22321C2C2AAE008EE300 /* RDPVoiceDetailView.h */ = {isa = PBXFileReference; fileEncoding = 4; lastKnownFileType = sourcecode.c.h; path = RDPVoiceDetailView.h; sourceTree = "<group>"; };
		CEEC22331C2C2AAE008EE300 /* RDPVoiceDetailView.m */ = {isa = PBXFileReference; fileEncoding = 4; lastKnownFileType = sourcecode.c.objc; path = RDPVoiceDetailView.m; sourceTree = "<group>"; };
		CEEC22351C2C2ABC008EE300 /* RDPVoiceDetailView.xib */ = {isa = PBXFileReference; fileEncoding = 4; lastKnownFileType = file.xib; path = RDPVoiceDetailView.xib; sourceTree = "<group>"; };
		CEECAE591C37BDF000039197 /* RDPRegisterManager.h */ = {isa = PBXFileReference; fileEncoding = 4; lastKnownFileType = sourcecode.c.h; path = RDPRegisterManager.h; sourceTree = "<group>"; };
		CEECAE5A1C37BDF000039197 /* RDPRegisterManager.m */ = {isa = PBXFileReference; fileEncoding = 4; lastKnownFileType = sourcecode.c.objc; path = RDPRegisterManager.m; sourceTree = "<group>"; };
		CEECFE851C1EEB49009255EE /* NSDate+Utils.h */ = {isa = PBXFileReference; fileEncoding = 4; lastKnownFileType = sourcecode.c.h; path = "NSDate+Utils.h"; sourceTree = "<group>"; };
		CEECFE861C1EEB49009255EE /* NSDate+Utils.m */ = {isa = PBXFileReference; fileEncoding = 4; lastKnownFileType = sourcecode.c.objc; path = "NSDate+Utils.m"; sourceTree = "<group>"; };
		CEECFE881C1EF87B009255EE /* next@2x.png */ = {isa = PBXFileReference; lastKnownFileType = image.png; path = "next@2x.png"; sourceTree = "<group>"; };
		CEECFE8A1C1F0490009255EE /* RDPRecordingViewController.h */ = {isa = PBXFileReference; fileEncoding = 4; lastKnownFileType = sourcecode.c.h; path = RDPRecordingViewController.h; sourceTree = "<group>"; };
		CEECFE8B1C1F0490009255EE /* RDPRecordingViewController.m */ = {isa = PBXFileReference; fileEncoding = 4; lastKnownFileType = sourcecode.c.objc; path = RDPRecordingViewController.m; sourceTree = "<group>"; };
/* End PBXFileReference section */

/* Begin PBXFrameworksBuildPhase section */
		CE8329281C18586A004D12C8 /* Frameworks */ = {
			isa = PBXFrameworksBuildPhase;
			buildActionMask = 2147483647;
			files = (
				0C563B3EB64422ECACEB729E /* libPods.a in Frameworks */,
				CEE933FF1C219FA9000199A5 /* libmp3lame.a in Frameworks */,
			);
			runOnlyForDeploymentPostprocessing = 0;
		};
		CE8329441C18586A004D12C8 /* Frameworks */ = {
			isa = PBXFrameworksBuildPhase;
			buildActionMask = 2147483647;
			files = (
			);
			runOnlyForDeploymentPostprocessing = 0;
		};
		CE83294F1C18586A004D12C8 /* Frameworks */ = {
			isa = PBXFrameworksBuildPhase;
			buildActionMask = 2147483647;
			files = (
			);
			runOnlyForDeploymentPostprocessing = 0;
		};
/* End PBXFrameworksBuildPhase section */

/* Begin PBXGroup section */
		1E6BDD724FFC463C6B4D9C3D /* Frameworks */ = {
			isa = PBXGroup;
			children = (
				9C26DA6318D1CD2D35E6B025 /* libPods.a */,
			);
			name = Frameworks;
			sourceTree = "<group>";
		};
		3221D02469D68F188D4163CF /* Pods */ = {
			isa = PBXGroup;
			children = (
				092668A65C8626C9C28DFF81 /* Pods.debug.xcconfig */,
				1E7905685E6441BD4574FC61 /* Pods.release.xcconfig */,
			);
			name = Pods;
			sourceTree = "<group>";
		};
		CE4A21DB1C230BDF0001C592 /* Music */ = {
			isa = PBXGroup;
			children = (
				CEE718DC1C26D22C00EA2C37 /* fire.caf */,
				CE4A21DC1C230BDF0001C592 /* bird.caf */,
			);
			path = Music;
			sourceTree = "<group>";
		};
		CE65B6A81C1C091900E8356B /* Base */ = {
			isa = PBXGroup;
			children = (
			);
			path = Base;
			sourceTree = "<group>";
		};
		CE65B6A91C1C091900E8356B /* Hot */ = {
			isa = PBXGroup;
			children = (
				CE66BABF1C1C63A1004D0E68 /* RDPHotCollectionViewCell.h */,
				CE66BAC01C1C63A1004D0E68 /* RDPHotCollectionViewCell.m */,
				CE66BAC11C1C63A1004D0E68 /* RDPHotCollectionViewCell.xib */,
			);
			path = Hot;
			sourceTree = "<group>";
		};
		CE65B6C81C1C178D00E8356B /* emoji */ = {
			isa = PBXGroup;
			children = (
				CEEA1D391C1D62B200B74DDB /* surprise@2x.png */,
				CEEA1D3A1C1D62B200B74DDB /* angry@2x.png */,
				CEEA1D3B1C1D62B200B74DDB /* laugh@2x.png */,
				CEEA1D3C1C1D62B200B74DDB /* happy@2x.png */,
				CEEA1D3D1C1D62B200B74DDB /* sad@2x.png */,
			);
			path = emoji;
			sourceTree = "<group>";
		};
		CE65B6CE1C1C178D00E8356B /* Nav */ = {
			isa = PBXGroup;
			children = (
				CEEA1D791C1DB80B00B74DDB /* Back@2x.png */,
				CEECFE881C1EF87B009255EE /* next@2x.png */,
				CEEA1D431C1D62BD00B74DDB /* Close@2x.png */,
				CEEA1D451C1D62BD00B74DDB /* r-Alarm@2x.png */,
				CEEA1D461C1D62BD00B74DDB /* r-Search@2x.png */,
				CEEA1D471C1D62BD00B74DDB /* r-Settings@2x.png */,
			);
			path = Nav;
			sourceTree = "<group>";
		};
		CE65B6D41C1C178D00E8356B /* page */ = {
			isa = PBXGroup;
			children = (
				CEE71C061C2E9D60005A59D9 /* down.png */,
				CEE71C071C2E9D60005A59D9 /* up.png */,
				CEE87CBB1C26A5730007FF1E /* Checked-Active@2x.png */,
				CEE87CBC1C26A5730007FF1E /* Checked-Inactive@2x.png */,
				CEE933F81C219790000199A5 /* stop@2x.png */,
				CEEA1D7B1C1DB9F800B74DDB /* clock@2x.png */,
				CEEA1D4D1C1D62D900B74DDB /* Arrow@2x.png */,
				CEEA1D4E1C1D62D900B74DDB /* chat@2x.png */,
				CEEA1D4F1C1D62D900B74DDB /* icon@2x.png */,
				CEEA1D501C1D62D900B74DDB /* little-songs@2x.png */,
				CEEA1D511C1D62D900B74DDB /* location@2x.png */,
				CEEA1D521C1D62D900B74DDB /* mic@2x.png */,
				CEEA1D531C1D62D900B74DDB /* more@2x.png */,
				CEEA1D541C1D62D900B74DDB /* music@2x.png */,
				CEEA1D551C1D62D900B74DDB /* pause@2x.png */,
				CEEA1D561C1D62D900B74DDB /* photos@2x.png */,
				CEEA1D571C1D62D900B74DDB /* Play@2x.png */,
				CEEA1D581C1D62D900B74DDB /* preview@2x.png */,
				CEEA1D591C1D62D900B74DDB /* refresh@2x.png */,
				CEEA1D5A1C1D62D900B74DDB /* sent@2x.png */,
				CEEA1D5B1C1D62D900B74DDB /* plus@2x.png */,
				CEEA1D5C1C1D62D900B74DDB /* songs@2x.png */,
				CEEA1D5D1C1D62D900B74DDB /* star@2x.png */,
				CEEA1D5E1C1D62D900B74DDB /* Trans-Play@2x.png */,
				CE65B6D71C1C178D00E8356B /* favorite@2x.png */,
				CE65B6DB1C1C178D00E8356B /* message@2x.png */,
			);
			path = page;
			sourceTree = "<group>";
		};
		CE65B7081C1C1D5800E8356B /* Hot */ = {
			isa = PBXGroup;
			children = (
			);
			path = Hot;
			sourceTree = "<group>";
		};
		CE65B70E1C1C297300E8356B /* test */ = {
			isa = PBXGroup;
			children = (
				CE6B242E1C2835EA00AB0F6F /* dog.jpg */,
				CE6B24281C28305400AB0F6F /* sunset.jpg */,
				CEE87CC71C26C7440007FF1E /* cell1.png */,
				CEE87CC41C26BD8A0007FF1E /* cell2.png */,
				CE65B70F1C1C297B00E8356B /* bg@2x.jpg */,
				CEE933F61C218FFE000199A5 /* user@2x.png */,
				CE4A21E01C230FEF0001C592 /* surface.png */,
			);
			path = test;
			sourceTree = "<group>";
		};
		CE66BAC61C1C6E9C004D0E68 /* Hot */ = {
			isa = PBXGroup;
			children = (
				CE66BAC71C1C6EBD004D0E68 /* RDPHotView.h */,
				CE66BAC81C1C6EBD004D0E68 /* RDPHotView.m */,
			);
			path = Hot;
			sourceTree = "<group>";
		};
		CE6B24221C282FF300AB0F6F /* Photo */ = {
			isa = PBXGroup;
			children = (
				CE6B24231C282FF300AB0F6F /* RDPPhotoCollectionViewCell.h */,
				CE6B24241C282FF300AB0F6F /* RDPPhotoCollectionViewCell.m */,
				CE6B24251C282FF300AB0F6F /* RDPPhotoCollectionViewCell.xib */,
			);
			path = Photo;
			sourceTree = "<group>";
		};
		CE6B242A1C28350300AB0F6F /* photoModel */ = {
			isa = PBXGroup;
			children = (
				CE6B242B1C28351B00AB0F6F /* RDPPhoto.h */,
				CE6B242C1C28351B00AB0F6F /* RDPPhoto.m */,
			);
			path = photoModel;
			sourceTree = "<group>";
		};
		CE8329221C18586A004D12C8 = {
			isa = PBXGroup;
			children = (
				CE83292D1C18586A004D12C8 /* Raindrop */,
				CE83294A1C18586A004D12C8 /* RaindropTests */,
				CE8329551C18586A004D12C8 /* RaindropUITests */,
				CE83292C1C18586A004D12C8 /* Products */,
				3221D02469D68F188D4163CF /* Pods */,
				1E6BDD724FFC463C6B4D9C3D /* Frameworks */,
			);
			sourceTree = "<group>";
		};
		CE83292C1C18586A004D12C8 /* Products */ = {
			isa = PBXGroup;
			children = (
				CE83292B1C18586A004D12C8 /* Raindrop.app */,
				CE8329471C18586A004D12C8 /* RaindropTests.xctest */,
				CE8329521C18586A004D12C8 /* RaindropUITests.xctest */,
			);
			name = Products;
			sourceTree = "<group>";
		};
		CE83292D1C18586A004D12C8 /* Raindrop */ = {
			isa = PBXGroup;
			children = (
				CEE88D691C1BDDE500A4B62D /* Application */,
				CEE88D6A1C1BDDE500A4B62D /* Controllers */,
				CEE88D6B1C1BDDE500A4B62D /* Library */,
				CEE88D6C1C1BDDE500A4B62D /* Models */,
				CEE88D6D1C1BDDE500A4B62D /* Resources */,
				CEE88D6E1C1BDDE500A4B62D /* Vendors */,
			);
			path = Raindrop;
			sourceTree = "<group>";
		};
		CE83294A1C18586A004D12C8 /* RaindropTests */ = {
			isa = PBXGroup;
			children = (
				CE83294B1C18586A004D12C8 /* RaindropTests.m */,
				CE83294D1C18586A004D12C8 /* Info.plist */,
			);
			path = RaindropTests;
			sourceTree = "<group>";
		};
		CE8329551C18586A004D12C8 /* RaindropUITests */ = {
			isa = PBXGroup;
			children = (
				CE8329561C18586A004D12C8 /* RaindropUITests.m */,
				CE8329581C18586A004D12C8 /* Info.plist */,
			);
			path = RaindropUITests;
			sourceTree = "<group>";
		};
		CED1EF9D1C37A28C00ACF94C /* Login */ = {
			isa = PBXGroup;
			children = (
				CED1EF9E1C37A2A100ACF94C /* RDPLoginManager.h */,
				CED1EF9F1C37A2A100ACF94C /* RDPLoginManager.m */,
				CEECAE591C37BDF000039197 /* RDPRegisterManager.h */,
				CEECAE5A1C37BDF000039197 /* RDPRegisterManager.m */,
			);
			path = Login;
			sourceTree = "<group>";
		};
		CEE6D8321C2AE06500CD3754 /* Profile */ = {
			isa = PBXGroup;
			children = (
				CEE6D8351C2AE18000CD3754 /* RDPProfileView.h */,
				CEE6D8361C2AE18000CD3754 /* RDPProfileView.m */,
			);
			path = Profile;
			sourceTree = "<group>";
		};
		CEE6D83E1C2AEE0400CD3754 /* Profile */ = {
			isa = PBXGroup;
			children = (
				CEE6D84F1C2AEEB700CD3754 /* Overview */,
				CEE6D8491C2AEE9C00CD3754 /* Info */,
			);
			path = Profile;
			sourceTree = "<group>";
		};
		CEE6D8491C2AEE9C00CD3754 /* Info */ = {
			isa = PBXGroup;
			children = (
				CEE6D84A1C2AEE9C00CD3754 /* RDPProfileInfoTableViewCell.h */,
				CEE6D84B1C2AEE9C00CD3754 /* RDPProfileInfoTableViewCell.m */,
				CEE6D84C1C2AEE9C00CD3754 /* RDPProfileInfoTableViewCell.xib */,
				CEE6D8551C2AEFDD00CD3754 /* RDPSimpleInfoTableViewCell.h */,
				CEE6D8561C2AEFDD00CD3754 /* RDPSimpleInfoTableViewCell.m */,
				CEE6D8571C2AEFDD00CD3754 /* RDPSimpleInfoTableViewCell.xib */,
			);
			path = Info;
			sourceTree = "<group>";
		};
		CEE6D84F1C2AEEB700CD3754 /* Overview */ = {
			isa = PBXGroup;
			children = (
				CEE6D8501C2AEEB700CD3754 /* RDPProfileTableViewCell.h */,
				CEE6D8511C2AEEB700CD3754 /* RDPProfileTableViewCell.m */,
				CEE6D8521C2AEEB700CD3754 /* RDPProfileTableViewCell.xib */,
			);
			path = Overview;
			sourceTree = "<group>";
		};
		CEE71C021C2E73F9005A59D9 /* HotModel */ = {
			isa = PBXGroup;
			children = (
				CEE71C031C2E740E005A59D9 /* RDPHotModel.h */,
				CEE71C041C2E740E005A59D9 /* RDPHotModel.m */,
			);
			path = HotModel;
			sourceTree = "<group>";
		};
		CEE87CA81C267A220007FF1E /* Utils */ = {
			isa = PBXGroup;
			children = (
				CEE87CA91C267A6E0007FF1E /* RDPMixAudioPlayer.h */,
				CEE87CAA1C267A6E0007FF1E /* RDPMixAudioPlayer.m */,
				CEE87CAC1C26808E0007FF1E /* RDPMixAudioMachine.h */,
				CEE87CAD1C26808E0007FF1E /* RDPMixAudioMachine.m */,
			);
			path = Utils;
			sourceTree = "<group>";
		};
		CEE87CB01C269F5E0007FF1E /* Music */ = {
			isa = PBXGroup;
			children = (
				CEE87CB61C26A0390007FF1E /* RDPMusicTableViewCell.h */,
				CEE87CB71C26A0390007FF1E /* RDPMusicTableViewCell.m */,
				CEE87CB81C26A0390007FF1E /* RDPMusicTableViewCell.xib */,
			);
			path = Music;
			sourceTree = "<group>";
		};
		CEE87CBF1C26B32E0007FF1E /* BgMusic */ = {
			isa = PBXGroup;
			children = (
				CEE87CC01C26B3490007FF1E /* RDPBgMusic.h */,
				CEE87CC11C26B3490007FF1E /* RDPBgMusic.m */,
			);
			path = BgMusic;
			sourceTree = "<group>";
		};
		CEE88D691C1BDDE500A4B62D /* Application */ = {
			isa = PBXGroup;
			children = (
				CE66BAC41C1C692A004D0E68 /* ACMacros.h */,
				CE66BAC51C1C692A004D0E68 /* PrefixHeader.pch */,
				CEE88D721C1BDECE00A4B62D /* Info.plist */,
				CEE88D731C1BDECE00A4B62D /* main.m */,
				CEE88D6F1C1BDE6E00A4B62D /* AppDelegate.h */,
				CEE88D701C1BDE6E00A4B62D /* AppDelegate.m */,
			);
			path = Application;
			sourceTree = "<group>";
		};
		CEE88D6A1C1BDDE500A4B62D /* Controllers */ = {
			isa = PBXGroup;
			children = (
				CEE88D831C1BE05900A4B62D /* Common */,
				CEE88D871C1BE05900A4B62D /* Debugging */,
			);
			path = Controllers;
			sourceTree = "<group>";
		};
		CEE88D6B1C1BDDE500A4B62D /* Library */ = {
			isa = PBXGroup;
			children = (
				CEE87CA81C267A220007FF1E /* Utils */,
				CEE88D971C1BE4D300A4B62D /* Categories */,
				CEE88D981C1BE4D300A4B62D /* Cells */,
				CEE88D991C1BE4D300A4B62D /* Controllers */,
				CEE88D9A1C1BE4D300A4B62D /* Service */,
				CEE88D9B1C1BE4D300A4B62D /* Views */,
			);
			path = Library;
			sourceTree = "<group>";
		};
		CEE88D6C1C1BDDE500A4B62D /* Models */ = {
			isa = PBXGroup;
			children = (
				CEE71C021C2E73F9005A59D9 /* HotModel */,
				CE6B242A1C28350300AB0F6F /* photoModel */,
				CEE87CBF1C26B32E0007FF1E /* BgMusic */,
			);
			path = Models;
			sourceTree = "<group>";
		};
		CEE88D6D1C1BDDE500A4B62D /* Resources */ = {
			isa = PBXGroup;
			children = (
				CEE88D8E1C1BE40D00A4B62D /* Assets.xcassets */,
				CE4A21DB1C230BDF0001C592 /* Music */,
				CEE88D8F1C1BE40D00A4B62D /* Data */,
				CEE88D921C1BE40D00A4B62D /* Images */,
				CEE88D931C1BE40D00A4B62D /* Localizations */,
				CEE88D941C1BE40D00A4B62D /* Scripts */,
				CEE88D891C1BE2D800A4B62D /* Storyboard */,
			);
			path = Resources;
			sourceTree = "<group>";
		};
		CEE88D6E1C1BDDE500A4B62D /* Vendors */ = {
			isa = PBXGroup;
			children = (
				CEE934011C21AD6D000199A5 /* UUChat */,
				CEE933FA1C219FA9000199A5 /* VoiceLib */,
				CEE88D761C1BDF9200A4B62D /* PureLayout */,
			);
			path = Vendors;
			sourceTree = "<group>";
		};
		CEE88D761C1BDF9200A4B62D /* PureLayout */ = {
			isa = PBXGroup;
			children = (
				CEE88D771C1BDF9200A4B62D /* ALView+PureLayout.h */,
				CEE88D781C1BDF9200A4B62D /* ALView+PureLayout.m */,
				CEE88D791C1BDF9200A4B62D /* NSArray+PureLayout.h */,
				CEE88D7A1C1BDF9200A4B62D /* NSArray+PureLayout.m */,
				CEE88D7B1C1BDF9200A4B62D /* NSLayoutConstraint+PureLayout.h */,
				CEE88D7C1C1BDF9200A4B62D /* NSLayoutConstraint+PureLayout.m */,
				CEE88D7D1C1BDF9200A4B62D /* PureLayout+Internal.h */,
				CEE88D7E1C1BDF9200A4B62D /* PureLayout.h */,
				CEE88D7F1C1BDF9200A4B62D /* PureLayoutDefines.h */,
			);
			path = PureLayout;
			sourceTree = "<group>";
		};
		CEE88D831C1BE05900A4B62D /* Common */ = {
			isa = PBXGroup;
			children = (
				CEE96B0F1C377E410073BF60 /* Login */,
				CEEC222D1C2C211B008EE300 /* Detail */,
				CEEA1D781C1DB65800B74DDB /* Record */,
				CE65B7081C1C1D5800E8356B /* Hot */,
				CEE88D841C1BE05900A4B62D /* Home */,
			);
			path = Common;
			sourceTree = "<group>";
		};
		CEE88D841C1BE05900A4B62D /* Home */ = {
			isa = PBXGroup;
			children = (
				CEE88D851C1BE05900A4B62D /* MainViewController.h */,
				CEE88D861C1BE05900A4B62D /* MainViewController.m */,
			);
			path = Home;
			sourceTree = "<group>";
		};
		CEE88D871C1BE05900A4B62D /* Debugging */ = {
			isa = PBXGroup;
			children = (
				CEEA93A41C244A0800893203 /* RDPVoiceTestViewController.h */,
				CEEA93A51C244A0800893203 /* RDPVoiceTestViewController.m */,
			);
			path = Debugging;
			sourceTree = "<group>";
		};
		CEE88D891C1BE2D800A4B62D /* Storyboard */ = {
			isa = PBXGroup;
			children = (
				CEE88D8A1C1BE2D800A4B62D /* LaunchScreen.storyboard */,
				CEE88D8B1C1BE2D800A4B62D /* Main.storyboard */,
				CEE6D8301C2ACE8E00CD3754 /* Second.storyboard */,
				CEE96B0D1C3773DA0073BF60 /* Login.storyboard */,
			);
			path = Storyboard;
			sourceTree = "<group>";
		};
		CEE88D8F1C1BE40D00A4B62D /* Data */ = {
			isa = PBXGroup;
			children = (
				CEE88D901C1BE40D00A4B62D /* Raindrop.xcdatamodeld */,
			);
			path = Data;
			sourceTree = "<group>";
		};
		CEE88D921C1BE40D00A4B62D /* Images */ = {
			isa = PBXGroup;
			children = (
				CE65B70E1C1C297300E8356B /* test */,
				CE65B6C81C1C178D00E8356B /* emoji */,
				CE65B6CE1C1C178D00E8356B /* Nav */,
				CE65B6D41C1C178D00E8356B /* page */,
			);
			path = Images;
			sourceTree = "<group>";
		};
		CEE88D931C1BE40D00A4B62D /* Localizations */ = {
			isa = PBXGroup;
			children = (
			);
			path = Localizations;
			sourceTree = "<group>";
		};
		CEE88D941C1BE40D00A4B62D /* Scripts */ = {
			isa = PBXGroup;
			children = (
			);
			path = Scripts;
			sourceTree = "<group>";
		};
		CEE88D971C1BE4D300A4B62D /* Categories */ = {
			isa = PBXGroup;
			children = (
				CEECFE851C1EEB49009255EE /* NSDate+Utils.h */,
				CEECFE861C1EEB49009255EE /* NSDate+Utils.m */,
				CE65B7111C1C342100E8356B /* NSLayoutConstraint+Description.h */,
				CE65B7121C1C342100E8356B /* NSLayoutConstraint+Description.m */,
				CEEA1D751C1D994D00B74DDB /* UIColor+Raindrop.h */,
				CEEA1D761C1D994D00B74DDB /* UIColor+Raindrop.m */,
			);
			path = Categories;
			sourceTree = "<group>";
		};
		CEE88D981C1BE4D300A4B62D /* Cells */ = {
			isa = PBXGroup;
			children = (
				CEE6D83E1C2AEE0400CD3754 /* Profile */,
				CE6B24221C282FF300AB0F6F /* Photo */,
				CEE87CB01C269F5E0007FF1E /* Music */,
				CE65B6A81C1C091900E8356B /* Base */,
				CE65B6A91C1C091900E8356B /* Hot */,
			);
			path = Cells;
			sourceTree = "<group>";
		};
		CEE88D991C1BE4D300A4B62D /* Controllers */ = {
			isa = PBXGroup;
			children = (
			);
			path = Controllers;
			sourceTree = "<group>";
		};
		CEE88D9A1C1BE4D300A4B62D /* Service */ = {
			isa = PBXGroup;
			children = (
				CED1EF9D1C37A28C00ACF94C /* Login */,
			);
			path = Service;
			sourceTree = "<group>";
		};
		CEE88D9B1C1BE4D300A4B62D /* Views */ = {
			isa = PBXGroup;
			children = (
				CEEC22311C2C2A5B008EE300 /* Detail */,
				CEE6D8321C2AE06500CD3754 /* Profile */,
				CE66BAC61C1C6E9C004D0E68 /* Hot */,
			);
			path = Views;
			sourceTree = "<group>";
		};
		CEE933FA1C219FA9000199A5 /* VoiceLib */ = {
			isa = PBXGroup;
			children = (
				CEE933FB1C219FA9000199A5 /* lame.h */,
				CEE933FC1C219FA9000199A5 /* libmp3lame.a */,
				CEE933FD1C219FA9000199A5 /* Mp3Recorder.h */,
				CEE933FE1C219FA9000199A5 /* Mp3Recorder.m */,
			);
			path = VoiceLib;
			sourceTree = "<group>";
		};
		CEE934011C21AD6D000199A5 /* UUChat */ = {
			isa = PBXGroup;
			children = (
				CEE934021C21AD6D000199A5 /* UUAVAudioPlayer.h */,
				CEE934031C21AD6D000199A5 /* UUAVAudioPlayer.m */,
			);
			path = UUChat;
			sourceTree = "<group>";
		};
		CEE96B0F1C377E410073BF60 /* Login */ = {
			isa = PBXGroup;
			children = (
				CEE96B101C377E580073BF60 /* RDPLoginViewController.h */,
				CEE96B111C377E580073BF60 /* RDPLoginViewController.m */,
				CEE96B131C377E700073BF60 /* RDPRegisterViewController.h */,
				CEE96B141C377E700073BF60 /* RDPRegisterViewController.m */,
			);
			path = Login;
			sourceTree = "<group>";
		};
		CEEA1D781C1DB65800B74DDB /* Record */ = {
			isa = PBXGroup;
			children = (
				CEE6DEB41C1E4874008BBC19 /* RDPRecordMotionViewController.h */,
				CEE6DEB51C1E4874008BBC19 /* RDPRecordMotionViewController.m */,
				CEECFE8A1C1F0490009255EE /* RDPRecordingViewController.h */,
				CEECFE8B1C1F0490009255EE /* RDPRecordingViewController.m */,
				CEE9A3D11C203FBC009D1993 /* RDPRecordCustomizeViewController.h */,
				CEE9A3D21C203FBC009D1993 /* RDPRecordCustomizeViewController.m */,
				CEE9A3D41C204418009D1993 /* RDPRecordMusicViewController.h */,
				CEE9A3D51C204418009D1993 /* RDPRecordMusicViewController.m */,
				CEE9A3D71C204442009D1993 /* RDPRecordPhotoViewController.h */,
				CEE9A3D81C204442009D1993 /* RDPRecordPhotoViewController.m */,
			);
			path = Record;
			sourceTree = "<group>";
		};
		CEEC222D1C2C211B008EE300 /* Detail */ = {
			isa = PBXGroup;
			children = (
				CEEC222E1C2C2177008EE300 /* RDPVoiceDetailViewController.h */,
				CEEC222F1C2C2177008EE300 /* RDPVoiceDetailViewController.m */,
			);
			path = Detail;
			sourceTree = "<group>";
		};
		CEEC22311C2C2A5B008EE300 /* Detail */ = {
			isa = PBXGroup;
			children = (
				CEEC22321C2C2AAE008EE300 /* RDPVoiceDetailView.h */,
				CEEC22331C2C2AAE008EE300 /* RDPVoiceDetailView.m */,
				CEEC22351C2C2ABC008EE300 /* RDPVoiceDetailView.xib */,
			);
			path = Detail;
			sourceTree = "<group>";
		};
/* End PBXGroup section */

/* Begin PBXNativeTarget section */
		CE83292A1C18586A004D12C8 /* Raindrop */ = {
			isa = PBXNativeTarget;
			buildConfigurationList = CE83295B1C18586A004D12C8 /* Build configuration list for PBXNativeTarget "Raindrop" */;
			buildPhases = (
				CC5D986AC8B2BD1DE5A0ECBD /* Check Pods Manifest.lock */,
				CE8329271C18586A004D12C8 /* Sources */,
				CE8329281C18586A004D12C8 /* Frameworks */,
				CE8329291C18586A004D12C8 /* Resources */,
				C1EA9C2E5A0C728B7B21F63E /* Copy Pods Resources */,
				806DBDDEB7A480FFAA5E75EC /* Embed Pods Frameworks */,
			);
			buildRules = (
			);
			dependencies = (
			);
			name = Raindrop;
			productName = Raindrop;
			productReference = CE83292B1C18586A004D12C8 /* Raindrop.app */;
			productType = "com.apple.product-type.application";
		};
		CE8329461C18586A004D12C8 /* RaindropTests */ = {
			isa = PBXNativeTarget;
			buildConfigurationList = CE83295E1C18586A004D12C8 /* Build configuration list for PBXNativeTarget "RaindropTests" */;
			buildPhases = (
				CE8329431C18586A004D12C8 /* Sources */,
				CE8329441C18586A004D12C8 /* Frameworks */,
				CE8329451C18586A004D12C8 /* Resources */,
			);
			buildRules = (
			);
			dependencies = (
				CE8329491C18586A004D12C8 /* PBXTargetDependency */,
			);
			name = RaindropTests;
			productName = RaindropTests;
			productReference = CE8329471C18586A004D12C8 /* RaindropTests.xctest */;
			productType = "com.apple.product-type.bundle.unit-test";
		};
		CE8329511C18586A004D12C8 /* RaindropUITests */ = {
			isa = PBXNativeTarget;
			buildConfigurationList = CE8329611C18586A004D12C8 /* Build configuration list for PBXNativeTarget "RaindropUITests" */;
			buildPhases = (
				CE83294E1C18586A004D12C8 /* Sources */,
				CE83294F1C18586A004D12C8 /* Frameworks */,
				CE8329501C18586A004D12C8 /* Resources */,
			);
			buildRules = (
			);
			dependencies = (
				CE8329541C18586A004D12C8 /* PBXTargetDependency */,
			);
			name = RaindropUITests;
			productName = RaindropUITests;
			productReference = CE8329521C18586A004D12C8 /* RaindropUITests.xctest */;
			productType = "com.apple.product-type.bundle.ui-testing";
		};
/* End PBXNativeTarget section */

/* Begin PBXProject section */
		CE8329231C18586A004D12C8 /* Project object */ = {
			isa = PBXProject;
			attributes = {
				LastUpgradeCheck = 0700;
				ORGANIZATIONNAME = steven;
				TargetAttributes = {
					CE83292A1C18586A004D12C8 = {
						CreatedOnToolsVersion = 7.0;
						DevelopmentTeam = K4EHK488AY;
					};
					CE8329461C18586A004D12C8 = {
						CreatedOnToolsVersion = 7.0;
						DevelopmentTeam = K4EHK488AY;
						TestTargetID = CE83292A1C18586A004D12C8;
					};
					CE8329511C18586A004D12C8 = {
						CreatedOnToolsVersion = 7.0;
						DevelopmentTeam = K4EHK488AY;
						TestTargetID = CE83292A1C18586A004D12C8;
					};
				};
			};
			buildConfigurationList = CE8329261C18586A004D12C8 /* Build configuration list for PBXProject "Raindrop" */;
			compatibilityVersion = "Xcode 3.2";
			developmentRegion = English;
			hasScannedForEncodings = 0;
			knownRegions = (
				en,
				Base,
			);
			mainGroup = CE8329221C18586A004D12C8;
			productRefGroup = CE83292C1C18586A004D12C8 /* Products */;
			projectDirPath = "";
			projectRoot = "";
			targets = (
				CE83292A1C18586A004D12C8 /* Raindrop */,
				CE8329461C18586A004D12C8 /* RaindropTests */,
				CE8329511C18586A004D12C8 /* RaindropUITests */,
			);
		};
/* End PBXProject section */

/* Begin PBXResourcesBuildPhase section */
		CE8329291C18586A004D12C8 /* Resources */ = {
			isa = PBXResourcesBuildPhase;
			buildActionMask = 2147483647;
			files = (
				CEE718DD1C26D30700EA2C37 /* fire.caf in Resources */,
				CEEA1D6D1C1D62D900B74DDB /* plus@2x.png in Resources */,
				CE6B24291C28305400AB0F6F /* sunset.jpg in Resources */,
				CEE88D741C1BDECE00A4B62D /* Info.plist in Resources */,
				CEEA1D6C1C1D62D900B74DDB /* sent@2x.png in Resources */,
				CEEA1D4C1C1D62BD00B74DDB /* r-Settings@2x.png in Resources */,
				CEEA1D6A1C1D62D900B74DDB /* preview@2x.png in Resources */,
				CEE87CC61C26BD8A0007FF1E /* cell2.png in Resources */,
				CEEA1D631C1D62D900B74DDB /* location@2x.png in Resources */,
				CEE88D8D1C1BE2D800A4B62D /* Main.storyboard in Resources */,
				CE6B242F1C2835EA00AB0F6F /* dog.jpg in Resources */,
				CEEA1D601C1D62D900B74DDB /* chat@2x.png in Resources */,
				CEEA1D421C1D62B200B74DDB /* sad@2x.png in Resources */,
				CEEA1D3F1C1D62B200B74DDB /* angry@2x.png in Resources */,
				CEEA1D401C1D62B200B74DDB /* laugh@2x.png in Resources */,
				CEE96B0E1C3773DA0073BF60 /* Login.storyboard in Resources */,
				CEE933F71C218FFE000199A5 /* user@2x.png in Resources */,
				CEEA1D6B1C1D62D900B74DDB /* refresh@2x.png in Resources */,
				CEEA1D651C1D62D900B74DDB /* more@2x.png in Resources */,
				CEE71C091C2E9D60005A59D9 /* up.png in Resources */,
				CE6B24271C282FF300AB0F6F /* RDPPhotoCollectionViewCell.xib in Resources */,
				CEE87CBE1C26A5730007FF1E /* Checked-Inactive@2x.png in Resources */,
				CEE933F91C219790000199A5 /* stop@2x.png in Resources */,
				CEEA1D481C1D62BD00B74DDB /* Close@2x.png in Resources */,
				CEEA1D7C1C1DB9F800B74DDB /* clock@2x.png in Resources */,
				CEEA1D4A1C1D62BD00B74DDB /* r-Alarm@2x.png in Resources */,
				CEEA1D6F1C1D62D900B74DDB /* star@2x.png in Resources */,
				CEEA1D4B1C1D62BD00B74DDB /* r-Search@2x.png in Resources */,
				CE4A21DD1C230BDF0001C592 /* bird.caf in Resources */,
				CEEA1D671C1D62D900B74DDB /* pause@2x.png in Resources */,
				CEE87CBD1C26A5730007FF1E /* Checked-Active@2x.png in Resources */,
				CE65B7101C1C297B00E8356B /* bg@2x.jpg in Resources */,
				CEE88D8C1C1BE2D800A4B62D /* LaunchScreen.storyboard in Resources */,
				CEEA1D621C1D62D900B74DDB /* little-songs@2x.png in Resources */,
				CEE6D8311C2ACE8E00CD3754 /* Second.storyboard in Resources */,
				CE65B6F51C1C178D00E8356B /* favorite@2x.png in Resources */,
				CEEA1D641C1D62D900B74DDB /* mic@2x.png in Resources */,
				CEEA1D611C1D62D900B74DDB /* icon@2x.png in Resources */,
				CEEA1D701C1D62D900B74DDB /* Trans-Play@2x.png in Resources */,
				CE4A21E11C230FEF0001C592 /* surface.png in Resources */,
				CEEA1D7A1C1DB80B00B74DDB /* Back@2x.png in Resources */,
				CEEA1D411C1D62B200B74DDB /* happy@2x.png in Resources */,
				CEEA1D691C1D62D900B74DDB /* Play@2x.png in Resources */,
				CEEC22361C2C2ABC008EE300 /* RDPVoiceDetailView.xib in Resources */,
				CE66BAC31C1C63A1004D0E68 /* RDPHotCollectionViewCell.xib in Resources */,
				CEE87CC81C26C7440007FF1E /* cell1.png in Resources */,
				CEE6D8591C2AEFDD00CD3754 /* RDPSimpleInfoTableViewCell.xib in Resources */,
				CEEA1D3E1C1D62B200B74DDB /* surprise@2x.png in Resources */,
				CEE6D8541C2AEEB700CD3754 /* RDPProfileTableViewCell.xib in Resources */,
				CEE87CBA1C26A0390007FF1E /* RDPMusicTableViewCell.xib in Resources */,
				CEE6D84E1C2AEE9C00CD3754 /* RDPProfileInfoTableViewCell.xib in Resources */,
				CEECFE891C1EF87B009255EE /* next@2x.png in Resources */,
				CEE71C081C2E9D60005A59D9 /* down.png in Resources */,
				CEEA1D661C1D62D900B74DDB /* music@2x.png in Resources */,
				CEEA1D5F1C1D62D900B74DDB /* Arrow@2x.png in Resources */,
				CE65B6F91C1C178D00E8356B /* message@2x.png in Resources */,
				CEEA1D6E1C1D62D900B74DDB /* songs@2x.png in Resources */,
				CEE88D951C1BE40D00A4B62D /* Assets.xcassets in Resources */,
				CEEA1D681C1D62D900B74DDB /* photos@2x.png in Resources */,
			);
			runOnlyForDeploymentPostprocessing = 0;
		};
		CE8329451C18586A004D12C8 /* Resources */ = {
			isa = PBXResourcesBuildPhase;
			buildActionMask = 2147483647;
			files = (
			);
			runOnlyForDeploymentPostprocessing = 0;
		};
		CE8329501C18586A004D12C8 /* Resources */ = {
			isa = PBXResourcesBuildPhase;
			buildActionMask = 2147483647;
			files = (
			);
			runOnlyForDeploymentPostprocessing = 0;
		};
/* End PBXResourcesBuildPhase section */

/* Begin PBXShellScriptBuildPhase section */
		806DBDDEB7A480FFAA5E75EC /* Embed Pods Frameworks */ = {
			isa = PBXShellScriptBuildPhase;
			buildActionMask = 2147483647;
			files = (
			);
			inputPaths = (
			);
			name = "Embed Pods Frameworks";
			outputPaths = (
			);
			runOnlyForDeploymentPostprocessing = 0;
			shellPath = /bin/sh;
			shellScript = "\"${SRCROOT}/Pods/Target Support Files/Pods/Pods-frameworks.sh\"\n";
			showEnvVarsInLog = 0;
		};
		C1EA9C2E5A0C728B7B21F63E /* Copy Pods Resources */ = {
			isa = PBXShellScriptBuildPhase;
			buildActionMask = 2147483647;
			files = (
			);
			inputPaths = (
			);
			name = "Copy Pods Resources";
			outputPaths = (
			);
			runOnlyForDeploymentPostprocessing = 0;
			shellPath = /bin/sh;
			shellScript = "\"${SRCROOT}/Pods/Target Support Files/Pods/Pods-resources.sh\"\n";
			showEnvVarsInLog = 0;
		};
		CC5D986AC8B2BD1DE5A0ECBD /* Check Pods Manifest.lock */ = {
			isa = PBXShellScriptBuildPhase;
			buildActionMask = 2147483647;
			files = (
			);
			inputPaths = (
			);
			name = "Check Pods Manifest.lock";
			outputPaths = (
			);
			runOnlyForDeploymentPostprocessing = 0;
			shellPath = /bin/sh;
			shellScript = "diff \"${PODS_ROOT}/../Podfile.lock\" \"${PODS_ROOT}/Manifest.lock\" > /dev/null\nif [[ $? != 0 ]] ; then\n    cat << EOM\nerror: The sandbox is not in sync with the Podfile.lock. Run 'pod install' or update your CocoaPods installation.\nEOM\n    exit 1\nfi\n";
			showEnvVarsInLog = 0;
		};
/* End PBXShellScriptBuildPhase section */

/* Begin PBXSourcesBuildPhase section */
		CE8329271C18586A004D12C8 /* Sources */ = {
			isa = PBXSourcesBuildPhase;
			buildActionMask = 2147483647;
			files = (
				CEE88D821C1BDF9200A4B62D /* NSLayoutConstraint+PureLayout.m in Sources */,
				CEE88D881C1BE05900A4B62D /* MainViewController.m in Sources */,
				CE66BAC91C1C6EBD004D0E68 /* RDPHotView.m in Sources */,
				CEE96B121C377E580073BF60 /* RDPLoginViewController.m in Sources */,
				CEEA1D771C1D994D00B74DDB /* UIColor+Raindrop.m in Sources */,
				CEE6DEB61C1E4874008BBC19 /* RDPRecordMotionViewController.m in Sources */,
				CE6B242D1C28351B00AB0F6F /* RDPPhoto.m in Sources */,
				CEECAE5B1C37BDF000039197 /* RDPRegisterManager.m in Sources */,
				CEECFE871C1EEB49009255EE /* NSDate+Utils.m in Sources */,
				CEE9A3D31C203FBC009D1993 /* RDPRecordCustomizeViewController.m in Sources */,
				CEE88D801C1BDF9200A4B62D /* ALView+PureLayout.m in Sources */,
				CEE96B151C377E700073BF60 /* RDPRegisterViewController.m in Sources */,
				CEE87CAB1C267A6E0007FF1E /* RDPMixAudioPlayer.m in Sources */,
				CE65B7131C1C342100E8356B /* NSLayoutConstraint+Description.m in Sources */,
				CE66BAC21C1C63A1004D0E68 /* RDPHotCollectionViewCell.m in Sources */,
				CEE6D84D1C2AEE9C00CD3754 /* RDPProfileInfoTableViewCell.m in Sources */,
				CEE87CB91C26A0390007FF1E /* RDPMusicTableViewCell.m in Sources */,
				CEE934041C21AD6D000199A5 /* UUAVAudioPlayer.m in Sources */,
				CEE934001C219FA9000199A5 /* Mp3Recorder.m in Sources */,
				CE6B24261C282FF300AB0F6F /* RDPPhotoCollectionViewCell.m in Sources */,
				CEE88D961C1BE40D00A4B62D /* Raindrop.xcdatamodeld in Sources */,
				CEE6D8581C2AEFDD00CD3754 /* RDPSimpleInfoTableViewCell.m in Sources */,
				CEE87CC21C26B3490007FF1E /* RDPBgMusic.m in Sources */,
				CED1EFA01C37A2A100ACF94C /* RDPLoginManager.m in Sources */,
				CEE88D711C1BDE6E00A4B62D /* AppDelegate.m in Sources */,
				CEEA93A61C244A0800893203 /* RDPVoiceTestViewController.m in Sources */,
				CEE71C051C2E740E005A59D9 /* RDPHotModel.m in Sources */,
				CEE6D8531C2AEEB700CD3754 /* RDPProfileTableViewCell.m in Sources */,
				CEE87CAE1C26808E0007FF1E /* RDPMixAudioMachine.m in Sources */,
				CEECFE8C1C1F0490009255EE /* RDPRecordingViewController.m in Sources */,
				CEEC22341C2C2AAE008EE300 /* RDPVoiceDetailView.m in Sources */,
				CEE88D811C1BDF9200A4B62D /* NSArray+PureLayout.m in Sources */,
				CEE9A3D61C204418009D1993 /* RDPRecordMusicViewController.m in Sources */,
				CEE9A3D91C204442009D1993 /* RDPRecordPhotoViewController.m in Sources */,
				CEE88D751C1BDECE00A4B62D /* main.m in Sources */,
				CEE6D8371C2AE18000CD3754 /* RDPProfileView.m in Sources */,
				CEEC22301C2C2177008EE300 /* RDPVoiceDetailViewController.m in Sources */,
			);
			runOnlyForDeploymentPostprocessing = 0;
		};
		CE8329431C18586A004D12C8 /* Sources */ = {
			isa = PBXSourcesBuildPhase;
			buildActionMask = 2147483647;
			files = (
				CE83294C1C18586A004D12C8 /* RaindropTests.m in Sources */,
			);
			runOnlyForDeploymentPostprocessing = 0;
		};
		CE83294E1C18586A004D12C8 /* Sources */ = {
			isa = PBXSourcesBuildPhase;
			buildActionMask = 2147483647;
			files = (
				CE8329571C18586A004D12C8 /* RaindropUITests.m in Sources */,
			);
			runOnlyForDeploymentPostprocessing = 0;
		};
/* End PBXSourcesBuildPhase section */

/* Begin PBXTargetDependency section */
		CE8329491C18586A004D12C8 /* PBXTargetDependency */ = {
			isa = PBXTargetDependency;
			target = CE83292A1C18586A004D12C8 /* Raindrop */;
			targetProxy = CE8329481C18586A004D12C8 /* PBXContainerItemProxy */;
		};
		CE8329541C18586A004D12C8 /* PBXTargetDependency */ = {
			isa = PBXTargetDependency;
			target = CE83292A1C18586A004D12C8 /* Raindrop */;
			targetProxy = CE8329531C18586A004D12C8 /* PBXContainerItemProxy */;
		};
/* End PBXTargetDependency section */

/* Begin XCBuildConfiguration section */
		CE8329591C18586A004D12C8 /* Debug */ = {
			isa = XCBuildConfiguration;
			buildSettings = {
				ALWAYS_SEARCH_USER_PATHS = NO;
				CLANG_CXX_LANGUAGE_STANDARD = "gnu++0x";
				CLANG_CXX_LIBRARY = "libc++";
				CLANG_ENABLE_MODULES = YES;
				CLANG_ENABLE_OBJC_ARC = YES;
				CLANG_WARN_BOOL_CONVERSION = YES;
				CLANG_WARN_CONSTANT_CONVERSION = YES;
				CLANG_WARN_DIRECT_OBJC_ISA_USAGE = YES_ERROR;
				CLANG_WARN_EMPTY_BODY = YES;
				CLANG_WARN_ENUM_CONVERSION = YES;
				CLANG_WARN_INT_CONVERSION = YES;
				CLANG_WARN_OBJC_ROOT_CLASS = YES_ERROR;
				CLANG_WARN_UNREACHABLE_CODE = YES;
				CLANG_WARN__DUPLICATE_METHOD_MATCH = YES;
				"CODE_SIGN_IDENTITY[sdk=iphoneos*]" = "iPhone Developer";
				COPY_PHASE_STRIP = NO;
				DEBUG_INFORMATION_FORMAT = dwarf;
				ENABLE_STRICT_OBJC_MSGSEND = YES;
				ENABLE_TESTABILITY = YES;
				GCC_C_LANGUAGE_STANDARD = gnu99;
				GCC_DYNAMIC_NO_PIC = NO;
				GCC_NO_COMMON_BLOCKS = YES;
				GCC_OPTIMIZATION_LEVEL = 0;
				GCC_PREPROCESSOR_DEFINITIONS = (
					"DEBUG=1",
					"$(inherited)",
				);
				GCC_WARN_64_TO_32_BIT_CONVERSION = YES;
				GCC_WARN_ABOUT_RETURN_TYPE = YES_ERROR;
				GCC_WARN_UNDECLARED_SELECTOR = YES;
				GCC_WARN_UNINITIALIZED_AUTOS = YES_AGGRESSIVE;
				GCC_WARN_UNUSED_FUNCTION = YES;
				GCC_WARN_UNUSED_VARIABLE = YES;
				IPHONEOS_DEPLOYMENT_TARGET = 8.3;
				MTL_ENABLE_DEBUG_INFO = YES;
				ONLY_ACTIVE_ARCH = YES;
				SDKROOT = iphoneos;
			};
			name = Debug;
		};
		CE83295A1C18586A004D12C8 /* Release */ = {
			isa = XCBuildConfiguration;
			buildSettings = {
				ALWAYS_SEARCH_USER_PATHS = NO;
				CLANG_CXX_LANGUAGE_STANDARD = "gnu++0x";
				CLANG_CXX_LIBRARY = "libc++";
				CLANG_ENABLE_MODULES = YES;
				CLANG_ENABLE_OBJC_ARC = YES;
				CLANG_WARN_BOOL_CONVERSION = YES;
				CLANG_WARN_CONSTANT_CONVERSION = YES;
				CLANG_WARN_DIRECT_OBJC_ISA_USAGE = YES_ERROR;
				CLANG_WARN_EMPTY_BODY = YES;
				CLANG_WARN_ENUM_CONVERSION = YES;
				CLANG_WARN_INT_CONVERSION = YES;
				CLANG_WARN_OBJC_ROOT_CLASS = YES_ERROR;
				CLANG_WARN_UNREACHABLE_CODE = YES;
				CLANG_WARN__DUPLICATE_METHOD_MATCH = YES;
				"CODE_SIGN_IDENTITY[sdk=iphoneos*]" = "iPhone Developer";
				COPY_PHASE_STRIP = NO;
				DEBUG_INFORMATION_FORMAT = "dwarf-with-dsym";
				ENABLE_NS_ASSERTIONS = NO;
				ENABLE_STRICT_OBJC_MSGSEND = YES;
				GCC_C_LANGUAGE_STANDARD = gnu99;
				GCC_NO_COMMON_BLOCKS = YES;
				GCC_WARN_64_TO_32_BIT_CONVERSION = YES;
				GCC_WARN_ABOUT_RETURN_TYPE = YES_ERROR;
				GCC_WARN_UNDECLARED_SELECTOR = YES;
				GCC_WARN_UNINITIALIZED_AUTOS = YES_AGGRESSIVE;
				GCC_WARN_UNUSED_FUNCTION = YES;
				GCC_WARN_UNUSED_VARIABLE = YES;
				IPHONEOS_DEPLOYMENT_TARGET = 8.3;
				MTL_ENABLE_DEBUG_INFO = NO;
				SDKROOT = iphoneos;
				VALIDATE_PRODUCT = YES;
			};
			name = Release;
		};
		CE83295C1C18586A004D12C8 /* Debug */ = {
			isa = XCBuildConfiguration;
			baseConfigurationReference = 092668A65C8626C9C28DFF81 /* Pods.debug.xcconfig */;
			buildSettings = {
				ASSETCATALOG_COMPILER_APPICON_NAME = AppIcon;
				ENABLE_BITCODE = NO;
				GCC_PREFIX_HEADER = "$(SRCROOT)/Raindrop/Application/PrefixHeader.pch";
				INFOPLIST_FILE = "$(SRCROOT)/Raindrop/Application/Info.plist";
				LD_RUNPATH_SEARCH_PATHS = "$(inherited) @executable_path/Frameworks";
				LIBRARY_SEARCH_PATHS = (
					"$(inherited)",
					"$(PROJECT_DIR)/Raindrop/Vendors/VoiceLib",
				);
				PRODUCT_BUNDLE_IDENTIFIER = steven.raindrop.Raindrop;
				PRODUCT_NAME = "$(TARGET_NAME)";
			};
			name = Debug;
		};
		CE83295D1C18586A004D12C8 /* Release */ = {
			isa = XCBuildConfiguration;
			baseConfigurationReference = 1E7905685E6441BD4574FC61 /* Pods.release.xcconfig */;
			buildSettings = {
				ASSETCATALOG_COMPILER_APPICON_NAME = AppIcon;
				ENABLE_BITCODE = NO;
				GCC_PREFIX_HEADER = "$(SRCROOT)/Raindrop/Application/PrefixHeader.pch";
				INFOPLIST_FILE = "$(SRCROOT)/Raindrop/Application/Info.plist";
				LD_RUNPATH_SEARCH_PATHS = "$(inherited) @executable_path/Frameworks";
				LIBRARY_SEARCH_PATHS = (
					"$(inherited)",
					"$(PROJECT_DIR)/Raindrop/Vendors/VoiceLib",
				);
				PRODUCT_BUNDLE_IDENTIFIER = steven.raindrop.Raindrop;
				PRODUCT_NAME = "$(TARGET_NAME)";
			};
			name = Release;
		};
		CE83295F1C18586A004D12C8 /* Debug */ = {
			isa = XCBuildConfiguration;
			buildSettings = {
				BUNDLE_LOADER = "$(TEST_HOST)";
				INFOPLIST_FILE = RaindropTests/Info.plist;
				LD_RUNPATH_SEARCH_PATHS = "$(inherited) @executable_path/Frameworks @loader_path/Frameworks";
				PRODUCT_BUNDLE_IDENTIFIER = steven.raindrop.RaindropTests;
				PRODUCT_NAME = "$(TARGET_NAME)";
				TEST_HOST = "$(BUILT_PRODUCTS_DIR)/Raindrop.app/Raindrop";
			};
			name = Debug;
		};
		CE8329601C18586A004D12C8 /* Release */ = {
			isa = XCBuildConfiguration;
			buildSettings = {
				BUNDLE_LOADER = "$(TEST_HOST)";
				INFOPLIST_FILE = RaindropTests/Info.plist;
				LD_RUNPATH_SEARCH_PATHS = "$(inherited) @executable_path/Frameworks @loader_path/Frameworks";
				PRODUCT_BUNDLE_IDENTIFIER = steven.raindrop.RaindropTests;
				PRODUCT_NAME = "$(TARGET_NAME)";
				TEST_HOST = "$(BUILT_PRODUCTS_DIR)/Raindrop.app/Raindrop";
			};
			name = Release;
		};
		CE8329621C18586A004D12C8 /* Debug */ = {
			isa = XCBuildConfiguration;
			buildSettings = {
				INFOPLIST_FILE = RaindropUITests/Info.plist;
				LD_RUNPATH_SEARCH_PATHS = "$(inherited) @executable_path/Frameworks @loader_path/Frameworks";
				PRODUCT_BUNDLE_IDENTIFIER = steven.raindrop.RaindropUITests;
				PRODUCT_NAME = "$(TARGET_NAME)";
				TEST_TARGET_NAME = Raindrop;
				USES_XCTRUNNER = YES;
			};
			name = Debug;
		};
		CE8329631C18586A004D12C8 /* Release */ = {
			isa = XCBuildConfiguration;
			buildSettings = {
				INFOPLIST_FILE = RaindropUITests/Info.plist;
				LD_RUNPATH_SEARCH_PATHS = "$(inherited) @executable_path/Frameworks @loader_path/Frameworks";
				PRODUCT_BUNDLE_IDENTIFIER = steven.raindrop.RaindropUITests;
				PRODUCT_NAME = "$(TARGET_NAME)";
				TEST_TARGET_NAME = Raindrop;
				USES_XCTRUNNER = YES;
			};
			name = Release;
		};
/* End XCBuildConfiguration section */

/* Begin XCConfigurationList section */
		CE8329261C18586A004D12C8 /* Build configuration list for PBXProject "Raindrop" */ = {
			isa = XCConfigurationList;
			buildConfigurations = (
				CE8329591C18586A004D12C8 /* Debug */,
				CE83295A1C18586A004D12C8 /* Release */,
			);
			defaultConfigurationIsVisible = 0;
			defaultConfigurationName = Release;
		};
		CE83295B1C18586A004D12C8 /* Build configuration list for PBXNativeTarget "Raindrop" */ = {
			isa = XCConfigurationList;
			buildConfigurations = (
				CE83295C1C18586A004D12C8 /* Debug */,
				CE83295D1C18586A004D12C8 /* Release */,
			);
			defaultConfigurationIsVisible = 0;
			defaultConfigurationName = Release;
		};
		CE83295E1C18586A004D12C8 /* Build configuration list for PBXNativeTarget "RaindropTests" */ = {
			isa = XCConfigurationList;
			buildConfigurations = (
				CE83295F1C18586A004D12C8 /* Debug */,
				CE8329601C18586A004D12C8 /* Release */,
			);
			defaultConfigurationIsVisible = 0;
			defaultConfigurationName = Release;
		};
		CE8329611C18586A004D12C8 /* Build configuration list for PBXNativeTarget "RaindropUITests" */ = {
			isa = XCConfigurationList;
			buildConfigurations = (
				CE8329621C18586A004D12C8 /* Debug */,
				CE8329631C18586A004D12C8 /* Release */,
			);
			defaultConfigurationIsVisible = 0;
			defaultConfigurationName = Release;
		};
/* End XCConfigurationList section */

/* Begin XCVersionGroup section */
		CEE88D901C1BE40D00A4B62D /* Raindrop.xcdatamodeld */ = {
			isa = XCVersionGroup;
			children = (
				CEE88D911C1BE40D00A4B62D /* Raindrop.xcdatamodel */,
			);
			currentVersion = CEE88D911C1BE40D00A4B62D /* Raindrop.xcdatamodel */;
			path = Raindrop.xcdatamodeld;
			sourceTree = "<group>";
			versionGroupType = wrapper.xcdatamodel;
		};
/* End XCVersionGroup section */
	};
	rootObject = CE8329231C18586A004D12C8 /* Project object */;
}
